// !$*UTF8*$!
{
	archiveVersion = 1;
	classes = {
	};
	objectVersion = 46;
	objects = {

/* Begin PBXBuildFile section */
		3B3138E81BF1DBF20059A0DE /* MUToast.m in Sources */ = {isa = PBXBuildFile; fileRef = 3B3138E51BF1DBF20059A0DE /* MUToast.m */; };
		3B3138E91BF1DBF20059A0DE /* Toast.bundle in Resources */ = {isa = PBXBuildFile; fileRef = 3B3138E71BF1DBF20059A0DE /* Toast.bundle */; };
		3B3138F11BF1DCAA0059A0DE /* NSObject+Runtime.m in Sources */ = {isa = PBXBuildFile; fileRef = 3B3138ED1BF1DCAA0059A0DE /* NSObject+Runtime.m */; };
		3B3138F21BF1DCAA0059A0DE /* NSProperty.m in Sources */ = {isa = PBXBuildFile; fileRef = 3B3138EF1BF1DCAA0059A0DE /* NSProperty.m */; };
		6D34582B1E320B4A00CA9621 /* MUCodeSignCheck.m in Sources */ = {isa = PBXBuildFile; fileRef = 6D3458261E320B4A00CA9621 /* MUCodeSignCheck.m */; };
		6D34582C1E320B4A00CA9621 /* MUEntitlements.m in Sources */ = {isa = PBXBuildFile; fileRef = 6D3458281E320B4A00CA9621 /* MUEntitlements.m */; };
		6D34582D1E320B4A00CA9621 /* MUMobileProvision.m in Sources */ = {isa = PBXBuildFile; fileRef = 6D34582A1E320B4A00CA9621 /* MUMobileProvision.m */; };
		6D52A6341E2E00A000ADD32A /* NSMutableDictionary+MUBaseParame.m in Sources */ = {isa = PBXBuildFile; fileRef = 6D52A6331E2E00A000ADD32A /* NSMutableDictionary+MUBaseParame.m */; };
		6D52A6381E2E00DF00ADD32A /* UIApplication+MUExtension.m in Sources */ = {isa = PBXBuildFile; fileRef = 6D52A6371E2E00DF00ADD32A /* UIApplication+MUExtension.m */; };
		6D52A63C1E2E00F500ADD32A /* UIDevice+MUExtension.m in Sources */ = {isa = PBXBuildFile; fileRef = 6D52A63B1E2E00F500ADD32A /* UIDevice+MUExtension.m */; };
		6D52A6401E2E010900ADD32A /* UITabBarItem+Extension.m in Sources */ = {isa = PBXBuildFile; fileRef = 6D52A63F1E2E010900ADD32A /* UITabBarItem+Extension.m */; };
		6D52A6441E2E013B00ADD32A /* DirectoryWatcher.m in Sources */ = {isa = PBXBuildFile; fileRef = 6D52A6431E2E013B00ADD32A /* DirectoryWatcher.m */; };
		6D52A64E1E2E016B00ADD32A /* MBProgressHUD+MJ.m in Sources */ = {isa = PBXBuildFile; fileRef = 6D52A6491E2E016B00ADD32A /* MBProgressHUD+MJ.m */; };
		6D52A64F1E2E016B00ADD32A /* MBProgressHUD.bundle in Resources */ = {isa = PBXBuildFile; fileRef = 6D52A64A1E2E016B00ADD32A /* MBProgressHUD.bundle */; };
		6D52A6541E2E01B000ADD32A /* MUKeychain.m in Sources */ = {isa = PBXBuildFile; fileRef = 6D52A6531E2E01B000ADD32A /* MUKeychain.m */; };
		6D52A65A1E2E01C000ADD32A /* UIView+MUMaskView.m in Sources */ = {isa = PBXBuildFile; fileRef = 6D52A6571E2E01C000ADD32A /* UIView+MUMaskView.m */; };
		6D52A65B1E2E01C000ADD32A /* UIViewController+MUMaskView.m in Sources */ = {isa = PBXBuildFile; fileRef = 6D52A6591E2E01C000ADD32A /* UIViewController+MUMaskView.m */; };
		6D52A65F1E2E01CE00ADD32A /* MUTagsView.m in Sources */ = {isa = PBXBuildFile; fileRef = 6D52A65E1E2E01CE00ADD32A /* MUTagsView.m */; };
		6D52A6631E2E022600ADD32A /* RTStoreManager.m in Sources */ = {isa = PBXBuildFile; fileRef = 6D52A6621E2E022600ADD32A /* RTStoreManager.m */; };
		6D52A6691E2E025C00ADD32A /* RTHUD.m in Sources */ = {isa = PBXBuildFile; fileRef = 6D52A6661E2E025C00ADD32A /* RTHUD.m */; };
		6D52A66A1E2E025C00ADD32A /* RTHUDContentView.m in Sources */ = {isa = PBXBuildFile; fileRef = 6D52A6681E2E025C00ADD32A /* RTHUDContentView.m */; };
		A79953114289E6202751FC07 /* libPods-Tools.a in Frameworks */ = {isa = PBXBuildFile; fileRef = B29DA2A35C97111F3D92B181 /* libPods-Tools.a */; };
		D41534AF1C0D81000086FA21 /* MUBottomPopPickerView.m in Sources */ = {isa = PBXBuildFile; fileRef = D41534AE1C0D81000086FA21 /* MUBottomPopPickerView.m */; };
		D41534B11C0D8C360086FA21 /* UINavigationBar.bundle in Resources */ = {isa = PBXBuildFile; fileRef = D41534B01C0D8C360086FA21 /* UINavigationBar.bundle */; };
		D457BE0B1C2903D10097035A /* MUPageChooser.m in Sources */ = {isa = PBXBuildFile; fileRef = D457BE0A1C2903D10097035A /* MUPageChooser.m */; };
		D470ADA01C902C770047D3F1 /* NSString+Size.m in Sources */ = {isa = PBXBuildFile; fileRef = D470AD9F1C902C770047D3F1 /* NSString+Size.m */; };
		D470ADA31C902CAC0047D3F1 /* UIColor+Extensions.m in Sources */ = {isa = PBXBuildFile; fileRef = D470ADA21C902CAB0047D3F1 /* UIColor+Extensions.m */; };
		D470ADA71C902CE50047D3F1 /* UILabel+SizeToFit.m in Sources */ = {isa = PBXBuildFile; fileRef = D470ADA61C902CE50047D3F1 /* UILabel+SizeToFit.m */; };
		D470ADAD1C902D030047D3F1 /* UITableView+SeparatorColor.m in Sources */ = {isa = PBXBuildFile; fileRef = D470ADAA1C902D030047D3F1 /* UITableView+SeparatorColor.m */; };
		D470ADAE1C902D030047D3F1 /* UITableView+SeparatorInset.m in Sources */ = {isa = PBXBuildFile; fileRef = D470ADAC1C902D030047D3F1 /* UITableView+SeparatorInset.m */; };
		D470ADB11C902D1E0047D3F1 /* UIView+Snapshot.m in Sources */ = {isa = PBXBuildFile; fileRef = D470ADB01C902D1E0047D3F1 /* UIView+Snapshot.m */; };
		D470ADB71C902D420047D3F1 /* UIViewController+Additem.m in Sources */ = {isa = PBXBuildFile; fileRef = D470ADB41C902D420047D3F1 /* UIViewController+Additem.m */; };
		D470ADB81C902D420047D3F1 /* UIViewController+Alert.m in Sources */ = {isa = PBXBuildFile; fileRef = D470ADB61C902D420047D3F1 /* UIViewController+Alert.m */; };
		D470ADBF1C902E7C0047D3F1 /* MUCircleImageManager.m in Sources */ = {isa = PBXBuildFile; fileRef = D470ADBC1C902E7C0047D3F1 /* MUCircleImageManager.m */; };
		D470ADC01C902E7C0047D3F1 /* UIImageView+Circle.m in Sources */ = {isa = PBXBuildFile; fileRef = D470ADBE1C902E7C0047D3F1 /* UIImageView+Circle.m */; };
		D479163D1BE3A616003B4C4C /* main.m in Sources */ = {isa = PBXBuildFile; fileRef = D479163C1BE3A616003B4C4C /* main.m */; };
		D47916401BE3A616003B4C4C /* AppDelegate.m in Sources */ = {isa = PBXBuildFile; fileRef = D479163F1BE3A616003B4C4C /* AppDelegate.m */; };
		D47916431BE3A616003B4C4C /* ViewController.m in Sources */ = {isa = PBXBuildFile; fileRef = D47916421BE3A616003B4C4C /* ViewController.m */; };
		D47916481BE3A616003B4C4C /* Assets.xcassets in Resources */ = {isa = PBXBuildFile; fileRef = D47916471BE3A616003B4C4C /* Assets.xcassets */; };
		D479164B1BE3A616003B4C4C /* LaunchScreen.storyboard in Resources */ = {isa = PBXBuildFile; fileRef = D47916491BE3A616003B4C4C /* LaunchScreen.storyboard */; };
		D47917771BE3A641003B4C4C /* Foundation+Log.m in Sources */ = {isa = PBXBuildFile; fileRef = D47916591BE3A640003B4C4C /* Foundation+Log.m */; };
		D47917781BE3A641003B4C4C /* NSString+Extension.m in Sources */ = {isa = PBXBuildFile; fileRef = D479165C1BE3A640003B4C4C /* NSString+Extension.m */; };
		D47917791BE3A641003B4C4C /* MUClassGuide.m in Sources */ = {isa = PBXBuildFile; fileRef = D479165F1BE3A640003B4C4C /* MUClassGuide.m */; };
		D479177A1BE3A641003B4C4C /* MUClassSet.m in Sources */ = {isa = PBXBuildFile; fileRef = D47916611BE3A640003B4C4C /* MUClassSet.m */; };
		D479177B1BE3A641003B4C4C /* MUPropertySet.m in Sources */ = {isa = PBXBuildFile; fileRef = D47916641BE3A640003B4C4C /* MUPropertySet.m */; };
		D479177C1BE3A641003B4C4C /* MUVar.m in Sources */ = {isa = PBXBuildFile; fileRef = D47916661BE3A640003B4C4C /* MUVar.m */; };
		D479177D1BE3A641003B4C4C /* NSObject+Model.m in Sources */ = {isa = PBXBuildFile; fileRef = D47916681BE3A640003B4C4C /* NSObject+Model.m */; };
		D479177E1BE3A641003B4C4C /* README in Resources */ = {isa = PBXBuildFile; fileRef = D47916691BE3A640003B4C4C /* README */; };
		D479177F1BE3A641003B4C4C /* MUAudioPlayer.m in Sources */ = {isa = PBXBuildFile; fileRef = D479166C1BE3A640003B4C4C /* MUAudioPlayer.m */; };
		D47917801BE3A641003B4C4C /* WelcomeViewController.m in Sources */ = {isa = PBXBuildFile; fileRef = D47916701BE3A640003B4C4C /* WelcomeViewController.m */; };
		D479178A1BE3A641003B4C4C /* UIBarButtonItem+Extension.m in Sources */ = {isa = PBXBuildFile; fileRef = D47916951BE3A640003B4C4C /* UIBarButtonItem+Extension.m */; };
		D479178B1BE3A641003B4C4C /* UIButton+Extension.m in Sources */ = {isa = PBXBuildFile; fileRef = D47916981BE3A640003B4C4C /* UIButton+Extension.m */; };
		D479178C1BE3A641003B4C4C /* UIColor+Extension.m in Sources */ = {isa = PBXBuildFile; fileRef = D479169B1BE3A640003B4C4C /* UIColor+Extension.m */; };
		D479178D1BE3A641003B4C4C /* UIImage+Extension.m in Sources */ = {isa = PBXBuildFile; fileRef = D479169E1BE3A640003B4C4C /* UIImage+Extension.m */; };
		D479178E1BE3A641003B4C4C /* UINavigationBar+Extension.m in Sources */ = {isa = PBXBuildFile; fileRef = D47916A21BE3A640003B4C4C /* UINavigationBar+Extension.m */; };
		D479178F1BE3A641003B4C4C /* UIView+Extension.m in Sources */ = {isa = PBXBuildFile; fileRef = D47916A51BE3A640003B4C4C /* UIView+Extension.m */; };
		D47917E81BE3A641003B4C4C /* 市区+县.plist in Resources */ = {isa = PBXBuildFile; fileRef = D47917741BE3A641003B4C4C /* 市区+县.plist */; };
		D47917E91BE3A641003B4C4C /* 省份+市区.plist in Resources */ = {isa = PBXBuildFile; fileRef = D47917751BE3A641003B4C4C /* 省份+市区.plist */; };
		D47B406A1C11901400707258 /* NSDate+Extension.m in Sources */ = {isa = PBXBuildFile; fileRef = D47B40691C11901400707258 /* NSDate+Extension.m */; };
		D480BCB31CBF6CC300D93DFD /* dispatch.c in Sources */ = {isa = PBXBuildFile; fileRef = D480BC931CBF6CC300D93DFD /* dispatch.c */; };
		D480BCB41CBF6CC300D93DFD /* NSError+Socket.m in Sources */ = {isa = PBXBuildFile; fileRef = D480BC971CBF6CC300D93DFD /* NSError+Socket.m */; };
		D480BCB51CBF6CC300D93DFD /* ytcpsocket.c in Sources */ = {isa = PBXBuildFile; fileRef = D480BC981CBF6CC300D93DFD /* ytcpsocket.c */; };
		D480BCB61CBF6CC300D93DFD /* yudpsocket.c in Sources */ = {isa = PBXBuildFile; fileRef = D480BC9A1CBF6CC300D93DFD /* yudpsocket.c */; };
		D480BCB71CBF6CC300D93DFD /* MUAsyncTCPClient.m in Sources */ = {isa = PBXBuildFile; fileRef = D480BCA11CBF6CC300D93DFD /* MUAsyncTCPClient.m */; };
		D480BCB81CBF6CC300D93DFD /* MUAsyncTCPServer.m in Sources */ = {isa = PBXBuildFile; fileRef = D480BCA41CBF6CC300D93DFD /* MUAsyncTCPServer.m */; };
		D480BCB91CBF6CC300D93DFD /* MUSyncTCPClient.m in Sources */ = {isa = PBXBuildFile; fileRef = D480BCA81CBF6CC300D93DFD /* MUSyncTCPClient.m */; };
		D480BCBA1CBF6CC300D93DFD /* MUSyncTCPServer.m in Sources */ = {isa = PBXBuildFile; fileRef = D480BCAB1CBF6CC300D93DFD /* MUSyncTCPServer.m */; };
		D480BCBB1CBF6CC300D93DFD /* MUAsyncUDPSocket.m in Sources */ = {isa = PBXBuildFile; fileRef = D480BCAF1CBF6CC300D93DFD /* MUAsyncUDPSocket.m */; };
		D480BCBC1CBF6CC300D93DFD /* MUSyncUDPSocket.m in Sources */ = {isa = PBXBuildFile; fileRef = D480BCB21CBF6CC300D93DFD /* MUSyncUDPSocket.m */; };
		D48DBD8E1C06D5F300D7364E /* NSString+Hash.m in Sources */ = {isa = PBXBuildFile; fileRef = D48DBD891C06D5F300D7364E /* NSString+Hash.m */; };
		D48DBD8F1C06D5F300D7364E /* NSString+HRLegal.m in Sources */ = {isa = PBXBuildFile; fileRef = D48DBD8B1C06D5F300D7364E /* NSString+HRLegal.m */; };
		D48DBD901C06D5F300D7364E /* NSString+QRCode.m in Sources */ = {isa = PBXBuildFile; fileRef = D48DBD8D1C06D5F300D7364E /* NSString+QRCode.m */; };
		D48DBD931C06D5FE00D7364E /* NSString+Emoji.m in Sources */ = {isa = PBXBuildFile; fileRef = D48DBD921C06D5FE00D7364E /* NSString+Emoji.m */; };
		D49561111D64A8F000CAF94D /* MUDeallocTaskTarget.m in Sources */ = {isa = PBXBuildFile; fileRef = D495610E1D64A8F000CAF94D /* MUDeallocTaskTarget.m */; };
		D49561121D64A8F000CAF94D /* NSObject+MUTask.m in Sources */ = {isa = PBXBuildFile; fileRef = D49561101D64A8F000CAF94D /* NSObject+MUTask.m */; };
		D4A26C6E1BF8A1B300011494 /* NSData+Unique.m in Sources */ = {isa = PBXBuildFile; fileRef = D4A26C6D1BF8A1B300011494 /* NSData+Unique.m */; };
		D4A3AC1F1CA3860300F84E08 /* iconfont-wechat1193418easyiconnet@2x.png in Resources */ = {isa = PBXBuildFile; fileRef = D4A3AC1E1CA3860300F84E08 /* iconfont-wechat1193418easyiconnet@2x.png */; };
		D4A3AC211CA3863700F84E08 /* header.JPG in Resources */ = {isa = PBXBuildFile; fileRef = D4A3AC201CA3863700F84E08 /* header.JPG */; };
		D4A3AC4D1CA38EA600F84E08 /* iconfont-wechat1193418easyiconnet-2@2x.png in Resources */ = {isa = PBXBuildFile; fileRef = D4A3AC4C1CA38EA600F84E08 /* iconfont-wechat1193418easyiconnet-2@2x.png */; };
		D4B28EA11C5DE65600259F89 /* MUBottomPopGroupPickerView.m in Sources */ = {isa = PBXBuildFile; fileRef = D4B28EA01C5DE65600259F89 /* MUBottomPopGroupPickerView.m */; };
		D4B28EA41C5E03B300259F89 /* MUBottomPopNumberPickerView.m in Sources */ = {isa = PBXBuildFile; fileRef = D4B28EA31C5E03B300259F89 /* MUBottomPopNumberPickerView.m */; };
		D4B290BB1C3BF6EF003AFE40 /* UIImage+Bounds.m in Sources */ = {isa = PBXBuildFile; fileRef = D4B290A61C3BF6EF003AFE40 /* UIImage+Bounds.m */; };
		D4B290BC1C3BF6EF003AFE40 /* UIView+GuideView.m in Sources */ = {isa = PBXBuildFile; fileRef = D4B290A81C3BF6EF003AFE40 /* UIView+GuideView.m */; };
		D4B290BD1C3BF6EF003AFE40 /* UIView+Snapshot.m in Sources */ = {isa = PBXBuildFile; fileRef = D4B290AA1C3BF6EF003AFE40 /* UIView+Snapshot.m */; };
		D4B290BE1C3BF6EF003AFE40 /* MUGuideItem.m in Sources */ = {isa = PBXBuildFile; fileRef = D4B290AC1C3BF6EF003AFE40 /* MUGuideItem.m */; };
		D4B290BF1C3BF6EF003AFE40 /* MUGuideView.m in Sources */ = {isa = PBXBuildFile; fileRef = D4B290AE1C3BF6EF003AFE40 /* MUGuideView.m */; };
		D4B290C01C3BF6EF003AFE40 /* guide_arrow_left@2x.png in Resources */ = {isa = PBXBuildFile; fileRef = D4B290B01C3BF6EF003AFE40 /* guide_arrow_left@2x.png */; };
		D4B290C11C3BF6EF003AFE40 /* guide_arrow_right@2x.png in Resources */ = {isa = PBXBuildFile; fileRef = D4B290B11C3BF6EF003AFE40 /* guide_arrow_right@2x.png */; };
		D4B290C41C3BF6EF003AFE40 /* MUGuideArrowView.m in Sources */ = {isa = PBXBuildFile; fileRef = D4B290B61C3BF6EF003AFE40 /* MUGuideArrowView.m */; };
		D4B290C51C3BF6EF003AFE40 /* MUGuideContentView.m in Sources */ = {isa = PBXBuildFile; fileRef = D4B290B81C3BF6EF003AFE40 /* MUGuideContentView.m */; };
		D4B290C61C3BF6EF003AFE40 /* MUGuideTargetView.m in Sources */ = {isa = PBXBuildFile; fileRef = D4B290BA1C3BF6EF003AFE40 /* MUGuideTargetView.m */; };
		D4B290F11C3BFEA3003AFE40 /* MUFirstTime.m in Sources */ = {isa = PBXBuildFile; fileRef = D4B290F01C3BFEA3003AFE40 /* MUFirstTime.m */; };
		D4B47C661C0ACEF8007B8575 /* China.plist in Resources */ = {isa = PBXBuildFile; fileRef = D4B47C651C0ACEF8007B8575 /* China.plist */; };
		D4B47C701C0ACF08007B8575 /* MUBottomPopCityPickerView.m in Sources */ = {isa = PBXBuildFile; fileRef = D4B47C6A1C0ACF08007B8575 /* MUBottomPopCityPickerView.m */; };
		D4B47C711C0ACF08007B8575 /* MUBottomPopDatePickerView.m in Sources */ = {isa = PBXBuildFile; fileRef = D4B47C6C1C0ACF08007B8575 /* MUBottomPopDatePickerView.m */; };
		D4B47C721C0ACF08007B8575 /* MUBottomPopView.m in Sources */ = {isa = PBXBuildFile; fileRef = D4B47C6E1C0ACF08007B8575 /* MUBottomPopView.m */; };
		D4B47C741C0AD61A007B8575 /* pcr.plist in Resources */ = {isa = PBXBuildFile; fileRef = D4B47C731C0AD61A007B8575 /* pcr.plist */; };
		D4BAA40A1C09990B00CFEC71 /* 省+市+县.plist in Resources */ = {isa = PBXBuildFile; fileRef = D4BAA4091C09990B00CFEC71 /* 省+市+县.plist */; };
		D4C0C43F1C202FA000839875 /* NSDateFormatter+Category.m in Sources */ = {isa = PBXBuildFile; fileRef = D4C0C43E1C202FA000839875 /* NSDateFormatter+Category.m */; };
		D4C0C4441C20307C00839875 /* DateDescription.strings in Resources */ = {isa = PBXBuildFile; fileRef = D4C0C4461C20307C00839875 /* DateDescription.strings */; };
		D4C19AA71C0F21EC004B75C0 /* MUCirculateRollView.m in Sources */ = {isa = PBXBuildFile; fileRef = D4C19AA51C0F21EC004B75C0 /* MUCirculateRollView.m */; };
		D4C584301D72CCD700619280 /* NSObject+Association.m in Sources */ = {isa = PBXBuildFile; fileRef = D4C5842F1D72CCD700619280 /* NSObject+Association.m */; };
		D4EA4BFA1BFF4B7B00B68851 /* IPAddress.m in Sources */ = {isa = PBXBuildFile; fileRef = D4EA4BF91BFF4B7B00B68851 /* IPAddress.m */; };
/* End PBXBuildFile section */

/* Begin PBXFileReference section */
		3B3138E41BF1DBF20059A0DE /* MUToast.h */ = {isa = PBXFileReference; fileEncoding = 4; lastKnownFileType = sourcecode.c.h; path = MUToast.h; sourceTree = "<group>"; };
		3B3138E51BF1DBF20059A0DE /* MUToast.m */ = {isa = PBXFileReference; fileEncoding = 4; lastKnownFileType = sourcecode.c.objc; path = MUToast.m; sourceTree = "<group>"; };
		3B3138E61BF1DBF20059A0DE /* MUToastConstant.h */ = {isa = PBXFileReference; fileEncoding = 4; lastKnownFileType = sourcecode.c.h; path = MUToastConstant.h; sourceTree = "<group>"; };
		3B3138E71BF1DBF20059A0DE /* Toast.bundle */ = {isa = PBXFileReference; lastKnownFileType = "wrapper.plug-in"; path = Toast.bundle; sourceTree = "<group>"; };
		3B3138EB1BF1DCAA0059A0DE /* Config.h */ = {isa = PBXFileReference; fileEncoding = 4; lastKnownFileType = sourcecode.c.h; path = Config.h; sourceTree = "<group>"; };
		3B3138EC1BF1DCAA0059A0DE /* NSObject+Runtime.h */ = {isa = PBXFileReference; fileEncoding = 4; lastKnownFileType = sourcecode.c.h; path = "NSObject+Runtime.h"; sourceTree = "<group>"; };
		3B3138ED1BF1DCAA0059A0DE /* NSObject+Runtime.m */ = {isa = PBXFileReference; fileEncoding = 4; lastKnownFileType = sourcecode.c.objc; path = "NSObject+Runtime.m"; sourceTree = "<group>"; };
		3B3138EE1BF1DCAA0059A0DE /* NSProperty.h */ = {isa = PBXFileReference; fileEncoding = 4; lastKnownFileType = sourcecode.c.h; path = NSProperty.h; sourceTree = "<group>"; };
		3B3138EF1BF1DCAA0059A0DE /* NSProperty.m */ = {isa = PBXFileReference; fileEncoding = 4; lastKnownFileType = sourcecode.c.objc; path = NSProperty.m; sourceTree = "<group>"; };
		3B3138F01BF1DCAA0059A0DE /* MURuntime.h */ = {isa = PBXFileReference; fileEncoding = 4; lastKnownFileType = sourcecode.c.h; path = MURuntime.h; sourceTree = "<group>"; };
		6D3458251E320B4A00CA9621 /* MUCodeSignCheck.h */ = {isa = PBXFileReference; fileEncoding = 4; lastKnownFileType = sourcecode.c.h; path = MUCodeSignCheck.h; sourceTree = "<group>"; };
		6D3458261E320B4A00CA9621 /* MUCodeSignCheck.m */ = {isa = PBXFileReference; fileEncoding = 4; lastKnownFileType = sourcecode.c.objc; path = MUCodeSignCheck.m; sourceTree = "<group>"; };
		6D3458271E320B4A00CA9621 /* MUEntitlements.h */ = {isa = PBXFileReference; fileEncoding = 4; lastKnownFileType = sourcecode.c.h; path = MUEntitlements.h; sourceTree = "<group>"; };
		6D3458281E320B4A00CA9621 /* MUEntitlements.m */ = {isa = PBXFileReference; fileEncoding = 4; lastKnownFileType = sourcecode.c.objc; path = MUEntitlements.m; sourceTree = "<group>"; };
		6D3458291E320B4A00CA9621 /* MUMobileProvision.h */ = {isa = PBXFileReference; fileEncoding = 4; lastKnownFileType = sourcecode.c.h; path = MUMobileProvision.h; sourceTree = "<group>"; };
		6D34582A1E320B4A00CA9621 /* MUMobileProvision.m */ = {isa = PBXFileReference; fileEncoding = 4; lastKnownFileType = sourcecode.c.objc; path = MUMobileProvision.m; sourceTree = "<group>"; };
		6D52A6321E2E00A000ADD32A /* NSMutableDictionary+MUBaseParame.h */ = {isa = PBXFileReference; fileEncoding = 4; lastKnownFileType = sourcecode.c.h; path = "NSMutableDictionary+MUBaseParame.h"; sourceTree = "<group>"; };
		6D52A6331E2E00A000ADD32A /* NSMutableDictionary+MUBaseParame.m */ = {isa = PBXFileReference; fileEncoding = 4; lastKnownFileType = sourcecode.c.objc; path = "NSMutableDictionary+MUBaseParame.m"; sourceTree = "<group>"; };
		6D52A6361E2E00DF00ADD32A /* UIApplication+MUExtension.h */ = {isa = PBXFileReference; fileEncoding = 4; lastKnownFileType = sourcecode.c.h; path = "UIApplication+MUExtension.h"; sourceTree = "<group>"; };
		6D52A6371E2E00DF00ADD32A /* UIApplication+MUExtension.m */ = {isa = PBXFileReference; fileEncoding = 4; lastKnownFileType = sourcecode.c.objc; path = "UIApplication+MUExtension.m"; sourceTree = "<group>"; };
		6D52A63A1E2E00F500ADD32A /* UIDevice+MUExtension.h */ = {isa = PBXFileReference; fileEncoding = 4; lastKnownFileType = sourcecode.c.h; path = "UIDevice+MUExtension.h"; sourceTree = "<group>"; };
		6D52A63B1E2E00F500ADD32A /* UIDevice+MUExtension.m */ = {isa = PBXFileReference; fileEncoding = 4; lastKnownFileType = sourcecode.c.objc; path = "UIDevice+MUExtension.m"; sourceTree = "<group>"; };
		6D52A63E1E2E010900ADD32A /* UITabBarItem+Extension.h */ = {isa = PBXFileReference; fileEncoding = 4; lastKnownFileType = sourcecode.c.h; path = "UITabBarItem+Extension.h"; sourceTree = "<group>"; };
		6D52A63F1E2E010900ADD32A /* UITabBarItem+Extension.m */ = {isa = PBXFileReference; fileEncoding = 4; lastKnownFileType = sourcecode.c.objc; path = "UITabBarItem+Extension.m"; sourceTree = "<group>"; };
		6D52A6421E2E013B00ADD32A /* DirectoryWatcher.h */ = {isa = PBXFileReference; fileEncoding = 4; lastKnownFileType = sourcecode.c.h; path = DirectoryWatcher.h; sourceTree = "<group>"; };
		6D52A6431E2E013B00ADD32A /* DirectoryWatcher.m */ = {isa = PBXFileReference; fileEncoding = 4; lastKnownFileType = sourcecode.c.objc; path = DirectoryWatcher.m; sourceTree = "<group>"; };
		6D52A6481E2E016B00ADD32A /* MBProgressHUD+MJ.h */ = {isa = PBXFileReference; fileEncoding = 4; lastKnownFileType = sourcecode.c.h; path = "MBProgressHUD+MJ.h"; sourceTree = "<group>"; };
		6D52A6491E2E016B00ADD32A /* MBProgressHUD+MJ.m */ = {isa = PBXFileReference; fileEncoding = 4; lastKnownFileType = sourcecode.c.objc; path = "MBProgressHUD+MJ.m"; sourceTree = "<group>"; };
		6D52A64A1E2E016B00ADD32A /* MBProgressHUD.bundle */ = {isa = PBXFileReference; lastKnownFileType = "wrapper.plug-in"; path = MBProgressHUD.bundle; sourceTree = "<group>"; };
		6D52A6521E2E01B000ADD32A /* MUKeychain.h */ = {isa = PBXFileReference; fileEncoding = 4; lastKnownFileType = sourcecode.c.h; path = MUKeychain.h; sourceTree = "<group>"; };
		6D52A6531E2E01B000ADD32A /* MUKeychain.m */ = {isa = PBXFileReference; fileEncoding = 4; lastKnownFileType = sourcecode.c.objc; path = MUKeychain.m; sourceTree = "<group>"; };
		6D52A6561E2E01C000ADD32A /* UIView+MUMaskView.h */ = {isa = PBXFileReference; fileEncoding = 4; lastKnownFileType = sourcecode.c.h; path = "UIView+MUMaskView.h"; sourceTree = "<group>"; };
		6D52A6571E2E01C000ADD32A /* UIView+MUMaskView.m */ = {isa = PBXFileReference; fileEncoding = 4; lastKnownFileType = sourcecode.c.objc; path = "UIView+MUMaskView.m"; sourceTree = "<group>"; };
		6D52A6581E2E01C000ADD32A /* UIViewController+MUMaskView.h */ = {isa = PBXFileReference; fileEncoding = 4; lastKnownFileType = sourcecode.c.h; path = "UIViewController+MUMaskView.h"; sourceTree = "<group>"; };
		6D52A6591E2E01C000ADD32A /* UIViewController+MUMaskView.m */ = {isa = PBXFileReference; fileEncoding = 4; lastKnownFileType = sourcecode.c.objc; path = "UIViewController+MUMaskView.m"; sourceTree = "<group>"; };
		6D52A65D1E2E01CE00ADD32A /* MUTagsView.h */ = {isa = PBXFileReference; fileEncoding = 4; lastKnownFileType = sourcecode.c.h; path = MUTagsView.h; sourceTree = "<group>"; };
		6D52A65E1E2E01CE00ADD32A /* MUTagsView.m */ = {isa = PBXFileReference; fileEncoding = 4; lastKnownFileType = sourcecode.c.objc; path = MUTagsView.m; sourceTree = "<group>"; };
		6D52A6611E2E022600ADD32A /* RTStoreManager.h */ = {isa = PBXFileReference; fileEncoding = 4; lastKnownFileType = sourcecode.c.h; path = RTStoreManager.h; sourceTree = "<group>"; };
		6D52A6621E2E022600ADD32A /* RTStoreManager.m */ = {isa = PBXFileReference; fileEncoding = 4; lastKnownFileType = sourcecode.c.objc; path = RTStoreManager.m; sourceTree = "<group>"; };
		6D52A6651E2E025C00ADD32A /* RTHUD.h */ = {isa = PBXFileReference; fileEncoding = 4; lastKnownFileType = sourcecode.c.h; path = RTHUD.h; sourceTree = "<group>"; };
		6D52A6661E2E025C00ADD32A /* RTHUD.m */ = {isa = PBXFileReference; fileEncoding = 4; lastKnownFileType = sourcecode.c.objc; path = RTHUD.m; sourceTree = "<group>"; };
		6D52A6671E2E025C00ADD32A /* RTHUDContentView.h */ = {isa = PBXFileReference; fileEncoding = 4; lastKnownFileType = sourcecode.c.h; path = RTHUDContentView.h; sourceTree = "<group>"; };
		6D52A6681E2E025C00ADD32A /* RTHUDContentView.m */ = {isa = PBXFileReference; fileEncoding = 4; lastKnownFileType = sourcecode.c.objc; path = RTHUDContentView.m; sourceTree = "<group>"; };
		8DA532B1EC075493BFD4F0C2 /* Pods-Tools.release.xcconfig */ = {isa = PBXFileReference; includeInIndex = 1; lastKnownFileType = text.xcconfig; name = "Pods-Tools.release.xcconfig"; path = "Pods/Target Support Files/Pods-Tools/Pods-Tools.release.xcconfig"; sourceTree = "<group>"; };
		B29DA2A35C97111F3D92B181 /* libPods-Tools.a */ = {isa = PBXFileReference; explicitFileType = archive.ar; includeInIndex = 0; path = "libPods-Tools.a"; sourceTree = BUILT_PRODUCTS_DIR; };
		D41534AD1C0D81000086FA21 /* MUBottomPopPickerView.h */ = {isa = PBXFileReference; fileEncoding = 4; lastKnownFileType = sourcecode.c.h; path = MUBottomPopPickerView.h; sourceTree = "<group>"; };
		D41534AE1C0D81000086FA21 /* MUBottomPopPickerView.m */ = {isa = PBXFileReference; fileEncoding = 4; lastKnownFileType = sourcecode.c.objc; path = MUBottomPopPickerView.m; sourceTree = "<group>"; };
		D41534B01C0D8C360086FA21 /* UINavigationBar.bundle */ = {isa = PBXFileReference; lastKnownFileType = "wrapper.plug-in"; path = UINavigationBar.bundle; sourceTree = "<group>"; };
		D457BE091C2903D10097035A /* MUPageChooser.h */ = {isa = PBXFileReference; fileEncoding = 4; lastKnownFileType = sourcecode.c.h; path = MUPageChooser.h; sourceTree = "<group>"; };
		D457BE0A1C2903D10097035A /* MUPageChooser.m */ = {isa = PBXFileReference; fileEncoding = 4; lastKnownFileType = sourcecode.c.objc; path = MUPageChooser.m; sourceTree = "<group>"; };
		D470AD9E1C902C770047D3F1 /* NSString+Size.h */ = {isa = PBXFileReference; fileEncoding = 4; lastKnownFileType = sourcecode.c.h; path = "NSString+Size.h"; sourceTree = "<group>"; };
		D470AD9F1C902C770047D3F1 /* NSString+Size.m */ = {isa = PBXFileReference; fileEncoding = 4; lastKnownFileType = sourcecode.c.objc; path = "NSString+Size.m"; sourceTree = "<group>"; };
		D470ADA11C902CAB0047D3F1 /* UIColor+Extensions.h */ = {isa = PBXFileReference; fileEncoding = 4; lastKnownFileType = sourcecode.c.h; path = "UIColor+Extensions.h"; sourceTree = "<group>"; };
		D470ADA21C902CAB0047D3F1 /* UIColor+Extensions.m */ = {isa = PBXFileReference; fileEncoding = 4; lastKnownFileType = sourcecode.c.objc; path = "UIColor+Extensions.m"; sourceTree = "<group>"; };
		D470ADA51C902CE50047D3F1 /* UILabel+SizeToFit.h */ = {isa = PBXFileReference; fileEncoding = 4; lastKnownFileType = sourcecode.c.h; path = "UILabel+SizeToFit.h"; sourceTree = "<group>"; };
		D470ADA61C902CE50047D3F1 /* UILabel+SizeToFit.m */ = {isa = PBXFileReference; fileEncoding = 4; lastKnownFileType = sourcecode.c.objc; path = "UILabel+SizeToFit.m"; sourceTree = "<group>"; };
		D470ADA91C902D030047D3F1 /* UITableView+SeparatorColor.h */ = {isa = PBXFileReference; fileEncoding = 4; lastKnownFileType = sourcecode.c.h; path = "UITableView+SeparatorColor.h"; sourceTree = "<group>"; };
		D470ADAA1C902D030047D3F1 /* UITableView+SeparatorColor.m */ = {isa = PBXFileReference; fileEncoding = 4; lastKnownFileType = sourcecode.c.objc; path = "UITableView+SeparatorColor.m"; sourceTree = "<group>"; };
		D470ADAB1C902D030047D3F1 /* UITableView+SeparatorInset.h */ = {isa = PBXFileReference; fileEncoding = 4; lastKnownFileType = sourcecode.c.h; path = "UITableView+SeparatorInset.h"; sourceTree = "<group>"; };
		D470ADAC1C902D030047D3F1 /* UITableView+SeparatorInset.m */ = {isa = PBXFileReference; fileEncoding = 4; lastKnownFileType = sourcecode.c.objc; path = "UITableView+SeparatorInset.m"; sourceTree = "<group>"; };
		D470ADAF1C902D1E0047D3F1 /* UIView+Snapshot.h */ = {isa = PBXFileReference; fileEncoding = 4; lastKnownFileType = sourcecode.c.h; path = "UIView+Snapshot.h"; sourceTree = "<group>"; };
		D470ADB01C902D1E0047D3F1 /* UIView+Snapshot.m */ = {isa = PBXFileReference; fileEncoding = 4; lastKnownFileType = sourcecode.c.objc; path = "UIView+Snapshot.m"; sourceTree = "<group>"; };
		D470ADB31C902D420047D3F1 /* UIViewController+Additem.h */ = {isa = PBXFileReference; fileEncoding = 4; lastKnownFileType = sourcecode.c.h; path = "UIViewController+Additem.h"; sourceTree = "<group>"; };
		D470ADB41C902D420047D3F1 /* UIViewController+Additem.m */ = {isa = PBXFileReference; fileEncoding = 4; lastKnownFileType = sourcecode.c.objc; path = "UIViewController+Additem.m"; sourceTree = "<group>"; };
		D470ADB51C902D420047D3F1 /* UIViewController+Alert.h */ = {isa = PBXFileReference; fileEncoding = 4; lastKnownFileType = sourcecode.c.h; path = "UIViewController+Alert.h"; sourceTree = "<group>"; };
		D470ADB61C902D420047D3F1 /* UIViewController+Alert.m */ = {isa = PBXFileReference; fileEncoding = 4; lastKnownFileType = sourcecode.c.objc; path = "UIViewController+Alert.m"; sourceTree = "<group>"; };
		D470ADBB1C902E7C0047D3F1 /* MUCircleImageManager.h */ = {isa = PBXFileReference; fileEncoding = 4; lastKnownFileType = sourcecode.c.h; path = MUCircleImageManager.h; sourceTree = "<group>"; };
		D470ADBC1C902E7C0047D3F1 /* MUCircleImageManager.m */ = {isa = PBXFileReference; fileEncoding = 4; lastKnownFileType = sourcecode.c.objc; path = MUCircleImageManager.m; sourceTree = "<group>"; };
		D470ADBD1C902E7C0047D3F1 /* UIImageView+Circle.h */ = {isa = PBXFileReference; fileEncoding = 4; lastKnownFileType = sourcecode.c.h; path = "UIImageView+Circle.h"; sourceTree = "<group>"; };
		D470ADBE1C902E7C0047D3F1 /* UIImageView+Circle.m */ = {isa = PBXFileReference; fileEncoding = 4; lastKnownFileType = sourcecode.c.objc; path = "UIImageView+Circle.m"; sourceTree = "<group>"; };
		D47916381BE3A616003B4C4C /* Tools.app */ = {isa = PBXFileReference; explicitFileType = wrapper.application; includeInIndex = 0; path = Tools.app; sourceTree = BUILT_PRODUCTS_DIR; };
		D479163C1BE3A616003B4C4C /* main.m */ = {isa = PBXFileReference; lastKnownFileType = sourcecode.c.objc; path = main.m; sourceTree = "<group>"; };
		D479163E1BE3A616003B4C4C /* AppDelegate.h */ = {isa = PBXFileReference; lastKnownFileType = sourcecode.c.h; path = AppDelegate.h; sourceTree = "<group>"; };
		D479163F1BE3A616003B4C4C /* AppDelegate.m */ = {isa = PBXFileReference; lastKnownFileType = sourcecode.c.objc; path = AppDelegate.m; sourceTree = "<group>"; };
		D47916411BE3A616003B4C4C /* ViewController.h */ = {isa = PBXFileReference; lastKnownFileType = sourcecode.c.h; path = ViewController.h; sourceTree = "<group>"; };
		D47916421BE3A616003B4C4C /* ViewController.m */ = {isa = PBXFileReference; lastKnownFileType = sourcecode.c.objc; path = ViewController.m; sourceTree = "<group>"; };
		D47916471BE3A616003B4C4C /* Assets.xcassets */ = {isa = PBXFileReference; lastKnownFileType = folder.assetcatalog; path = Assets.xcassets; sourceTree = "<group>"; };
		D479164A1BE3A616003B4C4C /* Base */ = {isa = PBXFileReference; lastKnownFileType = file.storyboard; name = Base; path = Base.lproj/LaunchScreen.storyboard; sourceTree = "<group>"; };
		D479164C1BE3A616003B4C4C /* Info.plist */ = {isa = PBXFileReference; lastKnownFileType = text.plist.xml; path = Info.plist; sourceTree = "<group>"; };
		D47916591BE3A640003B4C4C /* Foundation+Log.m */ = {isa = PBXFileReference; fileEncoding = 4; lastKnownFileType = sourcecode.c.objc; path = "Foundation+Log.m"; sourceTree = "<group>"; };
		D479165B1BE3A640003B4C4C /* NSString+Extension.h */ = {isa = PBXFileReference; fileEncoding = 4; lastKnownFileType = sourcecode.c.h; path = "NSString+Extension.h"; sourceTree = "<group>"; };
		D479165C1BE3A640003B4C4C /* NSString+Extension.m */ = {isa = PBXFileReference; fileEncoding = 4; lastKnownFileType = sourcecode.c.objc; path = "NSString+Extension.m"; sourceTree = "<group>"; };
		D479165E1BE3A640003B4C4C /* MUClassGuide.h */ = {isa = PBXFileReference; fileEncoding = 4; lastKnownFileType = sourcecode.c.h; path = MUClassGuide.h; sourceTree = "<group>"; };
		D479165F1BE3A640003B4C4C /* MUClassGuide.m */ = {isa = PBXFileReference; fileEncoding = 4; lastKnownFileType = sourcecode.c.objc; path = MUClassGuide.m; sourceTree = "<group>"; };
		D47916601BE3A640003B4C4C /* MUClassSet.h */ = {isa = PBXFileReference; fileEncoding = 4; lastKnownFileType = sourcecode.c.h; path = MUClassSet.h; sourceTree = "<group>"; };
		D47916611BE3A640003B4C4C /* MUClassSet.m */ = {isa = PBXFileReference; fileEncoding = 4; lastKnownFileType = sourcecode.c.objc; path = MUClassSet.m; sourceTree = "<group>"; };
		D47916621BE3A640003B4C4C /* MUModel.h */ = {isa = PBXFileReference; fileEncoding = 4; lastKnownFileType = sourcecode.c.h; path = MUModel.h; sourceTree = "<group>"; };
		D47916631BE3A640003B4C4C /* MUPropertySet.h */ = {isa = PBXFileReference; fileEncoding = 4; lastKnownFileType = sourcecode.c.h; path = MUPropertySet.h; sourceTree = "<group>"; };
		D47916641BE3A640003B4C4C /* MUPropertySet.m */ = {isa = PBXFileReference; fileEncoding = 4; lastKnownFileType = sourcecode.c.objc; path = MUPropertySet.m; sourceTree = "<group>"; };
		D47916651BE3A640003B4C4C /* MUVar.h */ = {isa = PBXFileReference; fileEncoding = 4; lastKnownFileType = sourcecode.c.h; path = MUVar.h; sourceTree = "<group>"; };
		D47916661BE3A640003B4C4C /* MUVar.m */ = {isa = PBXFileReference; fileEncoding = 4; lastKnownFileType = sourcecode.c.objc; path = MUVar.m; sourceTree = "<group>"; };
		D47916671BE3A640003B4C4C /* NSObject+Model.h */ = {isa = PBXFileReference; fileEncoding = 4; lastKnownFileType = sourcecode.c.h; path = "NSObject+Model.h"; sourceTree = "<group>"; };
		D47916681BE3A640003B4C4C /* NSObject+Model.m */ = {isa = PBXFileReference; fileEncoding = 4; lastKnownFileType = sourcecode.c.objc; path = "NSObject+Model.m"; sourceTree = "<group>"; };
		D47916691BE3A640003B4C4C /* README */ = {isa = PBXFileReference; fileEncoding = 4; lastKnownFileType = text; path = README; sourceTree = "<group>"; };
		D479166B1BE3A640003B4C4C /* MUAudioPlayer.h */ = {isa = PBXFileReference; fileEncoding = 4; lastKnownFileType = sourcecode.c.h; path = MUAudioPlayer.h; sourceTree = "<group>"; };
		D479166C1BE3A640003B4C4C /* MUAudioPlayer.m */ = {isa = PBXFileReference; fileEncoding = 4; lastKnownFileType = sourcecode.c.objc; path = MUAudioPlayer.m; sourceTree = "<group>"; };
		D479166F1BE3A640003B4C4C /* WelcomeViewController.h */ = {isa = PBXFileReference; fileEncoding = 4; lastKnownFileType = sourcecode.c.h; path = WelcomeViewController.h; sourceTree = "<group>"; };
		D47916701BE3A640003B4C4C /* WelcomeViewController.m */ = {isa = PBXFileReference; fileEncoding = 4; lastKnownFileType = sourcecode.c.objc; path = WelcomeViewController.m; sourceTree = "<group>"; };
		D47916941BE3A640003B4C4C /* UIBarButtonItem+Extension.h */ = {isa = PBXFileReference; fileEncoding = 4; lastKnownFileType = sourcecode.c.h; path = "UIBarButtonItem+Extension.h"; sourceTree = "<group>"; };
		D47916951BE3A640003B4C4C /* UIBarButtonItem+Extension.m */ = {isa = PBXFileReference; fileEncoding = 4; lastKnownFileType = sourcecode.c.objc; path = "UIBarButtonItem+Extension.m"; sourceTree = "<group>"; };
		D47916971BE3A640003B4C4C /* UIButton+Extension.h */ = {isa = PBXFileReference; fileEncoding = 4; lastKnownFileType = sourcecode.c.h; path = "UIButton+Extension.h"; sourceTree = "<group>"; };
		D47916981BE3A640003B4C4C /* UIButton+Extension.m */ = {isa = PBXFileReference; fileEncoding = 4; lastKnownFileType = sourcecode.c.objc; path = "UIButton+Extension.m"; sourceTree = "<group>"; };
		D479169A1BE3A640003B4C4C /* UIColor+Extension.h */ = {isa = PBXFileReference; fileEncoding = 4; lastKnownFileType = sourcecode.c.h; path = "UIColor+Extension.h"; sourceTree = "<group>"; };
		D479169B1BE3A640003B4C4C /* UIColor+Extension.m */ = {isa = PBXFileReference; fileEncoding = 4; lastKnownFileType = sourcecode.c.objc; path = "UIColor+Extension.m"; sourceTree = "<group>"; };
		D479169D1BE3A640003B4C4C /* UIImage+Extension.h */ = {isa = PBXFileReference; fileEncoding = 4; lastKnownFileType = sourcecode.c.h; path = "UIImage+Extension.h"; sourceTree = "<group>"; };
		D479169E1BE3A640003B4C4C /* UIImage+Extension.m */ = {isa = PBXFileReference; fileEncoding = 4; lastKnownFileType = sourcecode.c.objc; path = "UIImage+Extension.m"; sourceTree = "<group>"; };
		D479169F1BE3A640003B4C4C /* UIKit+Extension.h */ = {isa = PBXFileReference; fileEncoding = 4; lastKnownFileType = sourcecode.c.h; path = "UIKit+Extension.h"; sourceTree = "<group>"; };
		D47916A11BE3A640003B4C4C /* UINavigationBar+Extension.h */ = {isa = PBXFileReference; fileEncoding = 4; lastKnownFileType = sourcecode.c.h; path = "UINavigationBar+Extension.h"; sourceTree = "<group>"; };
		D47916A21BE3A640003B4C4C /* UINavigationBar+Extension.m */ = {isa = PBXFileReference; fileEncoding = 4; lastKnownFileType = sourcecode.c.objc; path = "UINavigationBar+Extension.m"; sourceTree = "<group>"; };
		D47916A41BE3A640003B4C4C /* UIView+Extension.h */ = {isa = PBXFileReference; fileEncoding = 4; lastKnownFileType = sourcecode.c.h; path = "UIView+Extension.h"; sourceTree = "<group>"; };
		D47916A51BE3A640003B4C4C /* UIView+Extension.m */ = {isa = PBXFileReference; fileEncoding = 4; lastKnownFileType = sourcecode.c.objc; path = "UIView+Extension.m"; sourceTree = "<group>"; };
		D47917741BE3A641003B4C4C /* 市区+县.plist */ = {isa = PBXFileReference; fileEncoding = 4; lastKnownFileType = text.plist.xml; path = "市区+县.plist"; sourceTree = "<group>"; };
		D47917751BE3A641003B4C4C /* 省份+市区.plist */ = {isa = PBXFileReference; fileEncoding = 4; lastKnownFileType = text.plist.xml; path = "省份+市区.plist"; sourceTree = "<group>"; };
		D47B40681C11901400707258 /* NSDate+Extension.h */ = {isa = PBXFileReference; fileEncoding = 4; lastKnownFileType = sourcecode.c.h; path = "NSDate+Extension.h"; sourceTree = "<group>"; };
		D47B40691C11901400707258 /* NSDate+Extension.m */ = {isa = PBXFileReference; fileEncoding = 4; lastKnownFileType = sourcecode.c.objc; path = "NSDate+Extension.m"; sourceTree = "<group>"; };
		D480BC931CBF6CC300D93DFD /* dispatch.c */ = {isa = PBXFileReference; fileEncoding = 4; lastKnownFileType = sourcecode.c.c; path = dispatch.c; sourceTree = "<group>"; };
		D480BC941CBF6CC300D93DFD /* dispatch.h */ = {isa = PBXFileReference; fileEncoding = 4; lastKnownFileType = sourcecode.c.h; path = dispatch.h; sourceTree = "<group>"; };
		D480BC951CBF6CC300D93DFD /* MUSocketConst.h */ = {isa = PBXFileReference; fileEncoding = 4; lastKnownFileType = sourcecode.c.h; path = MUSocketConst.h; sourceTree = "<group>"; };
		D480BC961CBF6CC300D93DFD /* NSError+Socket.h */ = {isa = PBXFileReference; fileEncoding = 4; lastKnownFileType = sourcecode.c.h; path = "NSError+Socket.h"; sourceTree = "<group>"; };
		D480BC971CBF6CC300D93DFD /* NSError+Socket.m */ = {isa = PBXFileReference; fileEncoding = 4; lastKnownFileType = sourcecode.c.objc; path = "NSError+Socket.m"; sourceTree = "<group>"; };
		D480BC981CBF6CC300D93DFD /* ytcpsocket.c */ = {isa = PBXFileReference; fileEncoding = 4; lastKnownFileType = sourcecode.c.c; path = ytcpsocket.c; sourceTree = "<group>"; };
		D480BC991CBF6CC300D93DFD /* ytcpsocket.h */ = {isa = PBXFileReference; fileEncoding = 4; lastKnownFileType = sourcecode.c.h; path = ytcpsocket.h; sourceTree = "<group>"; };
		D480BC9A1CBF6CC300D93DFD /* yudpsocket.c */ = {isa = PBXFileReference; fileEncoding = 4; lastKnownFileType = sourcecode.c.c; path = yudpsocket.c; sourceTree = "<group>"; };
		D480BC9B1CBF6CC300D93DFD /* yudpsocket.h */ = {isa = PBXFileReference; fileEncoding = 4; lastKnownFileType = sourcecode.c.h; path = yudpsocket.h; sourceTree = "<group>"; };
		D480BC9C1CBF6CC300D93DFD /* MUSocket.h */ = {isa = PBXFileReference; fileEncoding = 4; lastKnownFileType = sourcecode.c.h; path = MUSocket.h; sourceTree = "<group>"; };
		D480BCA01CBF6CC300D93DFD /* MUAsyncTCPClient.h */ = {isa = PBXFileReference; fileEncoding = 4; lastKnownFileType = sourcecode.c.h; path = MUAsyncTCPClient.h; sourceTree = "<group>"; };
		D480BCA11CBF6CC300D93DFD /* MUAsyncTCPClient.m */ = {isa = PBXFileReference; fileEncoding = 4; lastKnownFileType = sourcecode.c.objc; path = MUAsyncTCPClient.m; sourceTree = "<group>"; };
		D480BCA31CBF6CC300D93DFD /* MUAsyncTCPServer.h */ = {isa = PBXFileReference; fileEncoding = 4; lastKnownFileType = sourcecode.c.h; path = MUAsyncTCPServer.h; sourceTree = "<group>"; };
		D480BCA41CBF6CC300D93DFD /* MUAsyncTCPServer.m */ = {isa = PBXFileReference; fileEncoding = 4; lastKnownFileType = sourcecode.c.objc; path = MUAsyncTCPServer.m; sourceTree = "<group>"; };
		D480BCA71CBF6CC300D93DFD /* MUSyncTCPClient.h */ = {isa = PBXFileReference; fileEncoding = 4; lastKnownFileType = sourcecode.c.h; path = MUSyncTCPClient.h; sourceTree = "<group>"; };
		D480BCA81CBF6CC300D93DFD /* MUSyncTCPClient.m */ = {isa = PBXFileReference; fileEncoding = 4; lastKnownFileType = sourcecode.c.objc; path = MUSyncTCPClient.m; sourceTree = "<group>"; };
		D480BCAA1CBF6CC300D93DFD /* MUSyncTCPServer.h */ = {isa = PBXFileReference; fileEncoding = 4; lastKnownFileType = sourcecode.c.h; path = MUSyncTCPServer.h; sourceTree = "<group>"; };
		D480BCAB1CBF6CC300D93DFD /* MUSyncTCPServer.m */ = {isa = PBXFileReference; fileEncoding = 4; lastKnownFileType = sourcecode.c.objc; path = MUSyncTCPServer.m; sourceTree = "<group>"; };
		D480BCAE1CBF6CC300D93DFD /* MUAsyncUDPSocket.h */ = {isa = PBXFileReference; fileEncoding = 4; lastKnownFileType = sourcecode.c.h; path = MUAsyncUDPSocket.h; sourceTree = "<group>"; };
		D480BCAF1CBF6CC300D93DFD /* MUAsyncUDPSocket.m */ = {isa = PBXFileReference; fileEncoding = 4; lastKnownFileType = sourcecode.c.objc; path = MUAsyncUDPSocket.m; sourceTree = "<group>"; };
		D480BCB11CBF6CC300D93DFD /* MUSyncUDPSocket.h */ = {isa = PBXFileReference; fileEncoding = 4; lastKnownFileType = sourcecode.c.h; path = MUSyncUDPSocket.h; sourceTree = "<group>"; };
		D480BCB21CBF6CC300D93DFD /* MUSyncUDPSocket.m */ = {isa = PBXFileReference; fileEncoding = 4; lastKnownFileType = sourcecode.c.objc; path = MUSyncUDPSocket.m; sourceTree = "<group>"; };
		D48DBD881C06D5F300D7364E /* NSString+Hash.h */ = {isa = PBXFileReference; fileEncoding = 4; lastKnownFileType = sourcecode.c.h; path = "NSString+Hash.h"; sourceTree = "<group>"; };
		D48DBD891C06D5F300D7364E /* NSString+Hash.m */ = {isa = PBXFileReference; fileEncoding = 4; lastKnownFileType = sourcecode.c.objc; path = "NSString+Hash.m"; sourceTree = "<group>"; };
		D48DBD8A1C06D5F300D7364E /* NSString+HRLegal.h */ = {isa = PBXFileReference; fileEncoding = 4; lastKnownFileType = sourcecode.c.h; path = "NSString+HRLegal.h"; sourceTree = "<group>"; };
		D48DBD8B1C06D5F300D7364E /* NSString+HRLegal.m */ = {isa = PBXFileReference; fileEncoding = 4; lastKnownFileType = sourcecode.c.objc; path = "NSString+HRLegal.m"; sourceTree = "<group>"; };
		D48DBD8C1C06D5F300D7364E /* NSString+QRCode.h */ = {isa = PBXFileReference; fileEncoding = 4; lastKnownFileType = sourcecode.c.h; path = "NSString+QRCode.h"; sourceTree = "<group>"; };
		D48DBD8D1C06D5F300D7364E /* NSString+QRCode.m */ = {isa = PBXFileReference; fileEncoding = 4; lastKnownFileType = sourcecode.c.objc; path = "NSString+QRCode.m"; sourceTree = "<group>"; };
		D48DBD911C06D5FE00D7364E /* NSString+Emoji.h */ = {isa = PBXFileReference; fileEncoding = 4; lastKnownFileType = sourcecode.c.h; path = "NSString+Emoji.h"; sourceTree = "<group>"; };
		D48DBD921C06D5FE00D7364E /* NSString+Emoji.m */ = {isa = PBXFileReference; fileEncoding = 4; lastKnownFileType = sourcecode.c.objc; path = "NSString+Emoji.m"; sourceTree = "<group>"; };
		D495610C1D64A8F000CAF94D /* MUDeallocTask.h */ = {isa = PBXFileReference; fileEncoding = 4; lastKnownFileType = sourcecode.c.h; path = MUDeallocTask.h; sourceTree = "<group>"; };
		D495610D1D64A8F000CAF94D /* MUDeallocTaskTarget.h */ = {isa = PBXFileReference; fileEncoding = 4; lastKnownFileType = sourcecode.c.h; path = MUDeallocTaskTarget.h; sourceTree = "<group>"; };
		D495610E1D64A8F000CAF94D /* MUDeallocTaskTarget.m */ = {isa = PBXFileReference; fileEncoding = 4; lastKnownFileType = sourcecode.c.objc; path = MUDeallocTaskTarget.m; sourceTree = "<group>"; };
		D495610F1D64A8F000CAF94D /* NSObject+MUTask.h */ = {isa = PBXFileReference; fileEncoding = 4; lastKnownFileType = sourcecode.c.h; path = "NSObject+MUTask.h"; sourceTree = "<group>"; };
		D49561101D64A8F000CAF94D /* NSObject+MUTask.m */ = {isa = PBXFileReference; fileEncoding = 4; lastKnownFileType = sourcecode.c.objc; path = "NSObject+MUTask.m"; sourceTree = "<group>"; };
		D4A26C6C1BF8A1B300011494 /* NSData+Unique.h */ = {isa = PBXFileReference; fileEncoding = 4; lastKnownFileType = sourcecode.c.h; path = "NSData+Unique.h"; sourceTree = "<group>"; };
		D4A26C6D1BF8A1B300011494 /* NSData+Unique.m */ = {isa = PBXFileReference; fileEncoding = 4; lastKnownFileType = sourcecode.c.objc; path = "NSData+Unique.m"; sourceTree = "<group>"; };
		D4A3AC1E1CA3860300F84E08 /* iconfont-wechat1193418easyiconnet@2x.png */ = {isa = PBXFileReference; lastKnownFileType = image.png; path = "iconfont-wechat1193418easyiconnet@2x.png"; sourceTree = "<group>"; };
		D4A3AC201CA3863700F84E08 /* header.JPG */ = {isa = PBXFileReference; lastKnownFileType = image.jpeg; path = header.JPG; sourceTree = "<group>"; };
		D4A3AC4C1CA38EA600F84E08 /* iconfont-wechat1193418easyiconnet-2@2x.png */ = {isa = PBXFileReference; lastKnownFileType = image.png; path = "iconfont-wechat1193418easyiconnet-2@2x.png"; sourceTree = "<group>"; };
		D4B28E9F1C5DE65600259F89 /* MUBottomPopGroupPickerView.h */ = {isa = PBXFileReference; fileEncoding = 4; lastKnownFileType = sourcecode.c.h; path = MUBottomPopGroupPickerView.h; sourceTree = "<group>"; };
		D4B28EA01C5DE65600259F89 /* MUBottomPopGroupPickerView.m */ = {isa = PBXFileReference; fileEncoding = 4; lastKnownFileType = sourcecode.c.objc; path = MUBottomPopGroupPickerView.m; sourceTree = "<group>"; };
		D4B28EA21C5E03B300259F89 /* MUBottomPopNumberPickerView.h */ = {isa = PBXFileReference; fileEncoding = 4; lastKnownFileType = sourcecode.c.h; path = MUBottomPopNumberPickerView.h; sourceTree = "<group>"; };
		D4B28EA31C5E03B300259F89 /* MUBottomPopNumberPickerView.m */ = {isa = PBXFileReference; fileEncoding = 4; lastKnownFileType = sourcecode.c.objc; path = MUBottomPopNumberPickerView.m; sourceTree = "<group>"; };
		D4B290A51C3BF6EF003AFE40 /* UIImage+Bounds.h */ = {isa = PBXFileReference; fileEncoding = 4; lastKnownFileType = sourcecode.c.h; path = "UIImage+Bounds.h"; sourceTree = "<group>"; };
		D4B290A61C3BF6EF003AFE40 /* UIImage+Bounds.m */ = {isa = PBXFileReference; fileEncoding = 4; lastKnownFileType = sourcecode.c.objc; path = "UIImage+Bounds.m"; sourceTree = "<group>"; };
		D4B290A71C3BF6EF003AFE40 /* UIView+GuideView.h */ = {isa = PBXFileReference; fileEncoding = 4; lastKnownFileType = sourcecode.c.h; path = "UIView+GuideView.h"; sourceTree = "<group>"; };
		D4B290A81C3BF6EF003AFE40 /* UIView+GuideView.m */ = {isa = PBXFileReference; fileEncoding = 4; lastKnownFileType = sourcecode.c.objc; path = "UIView+GuideView.m"; sourceTree = "<group>"; };
		D4B290A91C3BF6EF003AFE40 /* UIView+Snapshot.h */ = {isa = PBXFileReference; fileEncoding = 4; lastKnownFileType = sourcecode.c.h; path = "UIView+Snapshot.h"; sourceTree = "<group>"; };
		D4B290AA1C3BF6EF003AFE40 /* UIView+Snapshot.m */ = {isa = PBXFileReference; fileEncoding = 4; lastKnownFileType = sourcecode.c.objc; path = "UIView+Snapshot.m"; sourceTree = "<group>"; };
		D4B290AB1C3BF6EF003AFE40 /* MUGuideItem.h */ = {isa = PBXFileReference; fileEncoding = 4; lastKnownFileType = sourcecode.c.h; path = MUGuideItem.h; sourceTree = "<group>"; };
		D4B290AC1C3BF6EF003AFE40 /* MUGuideItem.m */ = {isa = PBXFileReference; fileEncoding = 4; lastKnownFileType = sourcecode.c.objc; path = MUGuideItem.m; sourceTree = "<group>"; };
		D4B290AD1C3BF6EF003AFE40 /* MUGuideView.h */ = {isa = PBXFileReference; fileEncoding = 4; lastKnownFileType = sourcecode.c.h; path = MUGuideView.h; sourceTree = "<group>"; };
		D4B290AE1C3BF6EF003AFE40 /* MUGuideView.m */ = {isa = PBXFileReference; fileEncoding = 4; lastKnownFileType = sourcecode.c.objc; path = MUGuideView.m; sourceTree = "<group>"; };
		D4B290B01C3BF6EF003AFE40 /* guide_arrow_left@2x.png */ = {isa = PBXFileReference; lastKnownFileType = image.png; path = "guide_arrow_left@2x.png"; sourceTree = "<group>"; };
		D4B290B11C3BF6EF003AFE40 /* guide_arrow_right@2x.png */ = {isa = PBXFileReference; lastKnownFileType = image.png; path = "guide_arrow_right@2x.png"; sourceTree = "<group>"; };
		D4B290B51C3BF6EF003AFE40 /* MUGuideArrowView.h */ = {isa = PBXFileReference; fileEncoding = 4; lastKnownFileType = sourcecode.c.h; path = MUGuideArrowView.h; sourceTree = "<group>"; };
		D4B290B61C3BF6EF003AFE40 /* MUGuideArrowView.m */ = {isa = PBXFileReference; fileEncoding = 4; lastKnownFileType = sourcecode.c.objc; path = MUGuideArrowView.m; sourceTree = "<group>"; };
		D4B290B71C3BF6EF003AFE40 /* MUGuideContentView.h */ = {isa = PBXFileReference; fileEncoding = 4; lastKnownFileType = sourcecode.c.h; path = MUGuideContentView.h; sourceTree = "<group>"; };
		D4B290B81C3BF6EF003AFE40 /* MUGuideContentView.m */ = {isa = PBXFileReference; fileEncoding = 4; lastKnownFileType = sourcecode.c.objc; path = MUGuideContentView.m; sourceTree = "<group>"; };
		D4B290B91C3BF6EF003AFE40 /* MUGuideTargetView.h */ = {isa = PBXFileReference; fileEncoding = 4; lastKnownFileType = sourcecode.c.h; path = MUGuideTargetView.h; sourceTree = "<group>"; };
		D4B290BA1C3BF6EF003AFE40 /* MUGuideTargetView.m */ = {isa = PBXFileReference; fileEncoding = 4; lastKnownFileType = sourcecode.c.objc; path = MUGuideTargetView.m; sourceTree = "<group>"; };
		D4B290EF1C3BFEA3003AFE40 /* MUFirstTime.h */ = {isa = PBXFileReference; fileEncoding = 4; lastKnownFileType = sourcecode.c.h; path = MUFirstTime.h; sourceTree = "<group>"; };
		D4B290F01C3BFEA3003AFE40 /* MUFirstTime.m */ = {isa = PBXFileReference; fileEncoding = 4; lastKnownFileType = sourcecode.c.objc; path = MUFirstTime.m; sourceTree = "<group>"; };
		D4B47C651C0ACEF8007B8575 /* China.plist */ = {isa = PBXFileReference; fileEncoding = 4; lastKnownFileType = text.plist.xml; path = China.plist; sourceTree = "<group>"; };
		D4B47C691C0ACF08007B8575 /* MUBottomPopCityPickerView.h */ = {isa = PBXFileReference; fileEncoding = 4; lastKnownFileType = sourcecode.c.h; path = MUBottomPopCityPickerView.h; sourceTree = "<group>"; };
		D4B47C6A1C0ACF08007B8575 /* MUBottomPopCityPickerView.m */ = {isa = PBXFileReference; fileEncoding = 4; lastKnownFileType = sourcecode.c.objc; path = MUBottomPopCityPickerView.m; sourceTree = "<group>"; };
		D4B47C6B1C0ACF08007B8575 /* MUBottomPopDatePickerView.h */ = {isa = PBXFileReference; fileEncoding = 4; lastKnownFileType = sourcecode.c.h; path = MUBottomPopDatePickerView.h; sourceTree = "<group>"; };
		D4B47C6C1C0ACF08007B8575 /* MUBottomPopDatePickerView.m */ = {isa = PBXFileReference; fileEncoding = 4; lastKnownFileType = sourcecode.c.objc; path = MUBottomPopDatePickerView.m; sourceTree = "<group>"; };
		D4B47C6D1C0ACF08007B8575 /* MUBottomPopView.h */ = {isa = PBXFileReference; fileEncoding = 4; lastKnownFileType = sourcecode.c.h; path = MUBottomPopView.h; sourceTree = "<group>"; };
		D4B47C6E1C0ACF08007B8575 /* MUBottomPopView.m */ = {isa = PBXFileReference; fileEncoding = 4; lastKnownFileType = sourcecode.c.objc; path = MUBottomPopView.m; sourceTree = "<group>"; };
		D4B47C731C0AD61A007B8575 /* pcr.plist */ = {isa = PBXFileReference; fileEncoding = 4; lastKnownFileType = text.plist.xml; path = pcr.plist; sourceTree = "<group>"; };
		D4BAA4091C09990B00CFEC71 /* 省+市+县.plist */ = {isa = PBXFileReference; fileEncoding = 4; lastKnownFileType = text.plist.xml; path = "省+市+县.plist"; sourceTree = "<group>"; };
		D4C0C43D1C202FA000839875 /* NSDateFormatter+Category.h */ = {isa = PBXFileReference; fileEncoding = 4; lastKnownFileType = sourcecode.c.h; path = "NSDateFormatter+Category.h"; sourceTree = "<group>"; };
		D4C0C43E1C202FA000839875 /* NSDateFormatter+Category.m */ = {isa = PBXFileReference; fileEncoding = 4; lastKnownFileType = sourcecode.c.objc; path = "NSDateFormatter+Category.m"; sourceTree = "<group>"; };
		D4C0C4411C20304900839875 /* zh-Hans */ = {isa = PBXFileReference; lastKnownFileType = text.plist.strings; name = "zh-Hans"; path = "zh-Hans.lproj/LaunchScreen.strings"; sourceTree = "<group>"; };
		D4C0C4451C20307C00839875 /* zh-Hans */ = {isa = PBXFileReference; lastKnownFileType = text.plist.strings; name = "zh-Hans"; path = "zh-Hans.lproj/DateDescription.strings"; sourceTree = "<group>"; };
		D4C0C4471C20307E00839875 /* en */ = {isa = PBXFileReference; lastKnownFileType = text.plist.strings; name = en; path = en.lproj/DateDescription.strings; sourceTree = "<group>"; };
		D4C19AA41C0F21EC004B75C0 /* MUCirculateRollView.h */ = {isa = PBXFileReference; fileEncoding = 4; lastKnownFileType = sourcecode.c.h; path = MUCirculateRollView.h; sourceTree = "<group>"; };
		D4C19AA51C0F21EC004B75C0 /* MUCirculateRollView.m */ = {isa = PBXFileReference; fileEncoding = 4; lastKnownFileType = sourcecode.c.objc; path = MUCirculateRollView.m; sourceTree = "<group>"; };
		D4C5842E1D72CCD700619280 /* NSObject+Association.h */ = {isa = PBXFileReference; fileEncoding = 4; lastKnownFileType = sourcecode.c.h; path = "NSObject+Association.h"; sourceTree = "<group>"; };
		D4C5842F1D72CCD700619280 /* NSObject+Association.m */ = {isa = PBXFileReference; fileEncoding = 4; lastKnownFileType = sourcecode.c.objc; path = "NSObject+Association.m"; sourceTree = "<group>"; };
		D4EA4BF81BFF4B7B00B68851 /* IPAddress.h */ = {isa = PBXFileReference; fileEncoding = 4; lastKnownFileType = sourcecode.c.h; path = IPAddress.h; sourceTree = "<group>"; };
		D4EA4BF91BFF4B7B00B68851 /* IPAddress.m */ = {isa = PBXFileReference; fileEncoding = 4; lastKnownFileType = sourcecode.c.objc; path = IPAddress.m; sourceTree = "<group>"; };
		FB3DDECC61883873CDC5D70E /* Pods-Tools.debug.xcconfig */ = {isa = PBXFileReference; includeInIndex = 1; lastKnownFileType = text.xcconfig; name = "Pods-Tools.debug.xcconfig"; path = "Pods/Target Support Files/Pods-Tools/Pods-Tools.debug.xcconfig"; sourceTree = "<group>"; };
/* End PBXFileReference section */

/* Begin PBXFrameworksBuildPhase section */
		D47916351BE3A616003B4C4C /* Frameworks */ = {
			isa = PBXFrameworksBuildPhase;
			buildActionMask = 2147483647;
			files = (
				A79953114289E6202751FC07 /* libPods-Tools.a in Frameworks */,
			);
			runOnlyForDeploymentPostprocessing = 0;
		};
/* End PBXFrameworksBuildPhase section */

/* Begin PBXGroup section */
		3B3138E31BF1DBF20059A0DE /* MUToast */ = {
			isa = PBXGroup;
			children = (
				3B3138E41BF1DBF20059A0DE /* MUToast.h */,
				3B3138E51BF1DBF20059A0DE /* MUToast.m */,
				3B3138E61BF1DBF20059A0DE /* MUToastConstant.h */,
				3B3138E71BF1DBF20059A0DE /* Toast.bundle */,
			);
			path = MUToast;
			sourceTree = "<group>";
		};
		3B3138EA1BF1DCAA0059A0DE /* Runtime */ = {
			isa = PBXGroup;
			children = (
				3B3138EB1BF1DCAA0059A0DE /* Config.h */,
				3B3138EC1BF1DCAA0059A0DE /* NSObject+Runtime.h */,
				3B3138ED1BF1DCAA0059A0DE /* NSObject+Runtime.m */,
				D4C5842E1D72CCD700619280 /* NSObject+Association.h */,
				D4C5842F1D72CCD700619280 /* NSObject+Association.m */,
				3B3138EE1BF1DCAA0059A0DE /* NSProperty.h */,
				3B3138EF1BF1DCAA0059A0DE /* NSProperty.m */,
				3B3138F01BF1DCAA0059A0DE /* MURuntime.h */,
			);
			path = Runtime;
			sourceTree = "<group>";
		};
		6D3458241E320B4A00CA9621 /* MUCodeSign */ = {
			isa = PBXGroup;
			children = (
				6D3458251E320B4A00CA9621 /* MUCodeSignCheck.h */,
				6D3458261E320B4A00CA9621 /* MUCodeSignCheck.m */,
				6D3458271E320B4A00CA9621 /* MUEntitlements.h */,
				6D3458281E320B4A00CA9621 /* MUEntitlements.m */,
				6D3458291E320B4A00CA9621 /* MUMobileProvision.h */,
				6D34582A1E320B4A00CA9621 /* MUMobileProvision.m */,
			);
			path = MUCodeSign;
			sourceTree = "<group>";
		};
		6D52A6311E2E00A000ADD32A /* NSDictionary */ = {
			isa = PBXGroup;
			children = (
				6D52A6321E2E00A000ADD32A /* NSMutableDictionary+MUBaseParame.h */,
				6D52A6331E2E00A000ADD32A /* NSMutableDictionary+MUBaseParame.m */,
			);
			path = NSDictionary;
			sourceTree = "<group>";
		};
		6D52A6351E2E00DF00ADD32A /* UIApplication */ = {
			isa = PBXGroup;
			children = (
				6D52A6361E2E00DF00ADD32A /* UIApplication+MUExtension.h */,
				6D52A6371E2E00DF00ADD32A /* UIApplication+MUExtension.m */,
			);
			path = UIApplication;
			sourceTree = "<group>";
		};
		6D52A6391E2E00F500ADD32A /* UIDevice */ = {
			isa = PBXGroup;
			children = (
				6D52A63A1E2E00F500ADD32A /* UIDevice+MUExtension.h */,
				6D52A63B1E2E00F500ADD32A /* UIDevice+MUExtension.m */,
			);
			path = UIDevice;
			sourceTree = "<group>";
		};
		6D52A63D1E2E010900ADD32A /* UITabBarItem */ = {
			isa = PBXGroup;
			children = (
				6D52A63E1E2E010900ADD32A /* UITabBarItem+Extension.h */,
				6D52A63F1E2E010900ADD32A /* UITabBarItem+Extension.m */,
			);
			path = UITabBarItem;
			sourceTree = "<group>";
		};
		6D52A6411E2E013B00ADD32A /* DirectoryWatcher */ = {
			isa = PBXGroup;
			children = (
				6D52A6421E2E013B00ADD32A /* DirectoryWatcher.h */,
				6D52A6431E2E013B00ADD32A /* DirectoryWatcher.m */,
			);
			path = DirectoryWatcher;
			sourceTree = "<group>";
		};
		6D52A6451E2E016B00ADD32A /* MBProgressHUD */ = {
			isa = PBXGroup;
			children = (
				6D52A6481E2E016B00ADD32A /* MBProgressHUD+MJ.h */,
				6D52A6491E2E016B00ADD32A /* MBProgressHUD+MJ.m */,
				6D52A64A1E2E016B00ADD32A /* MBProgressHUD.bundle */,
			);
			path = MBProgressHUD;
			sourceTree = "<group>";
		};
		6D52A6511E2E01B000ADD32A /* MUKeychain */ = {
			isa = PBXGroup;
			children = (
				6D52A6521E2E01B000ADD32A /* MUKeychain.h */,
				6D52A6531E2E01B000ADD32A /* MUKeychain.m */,
			);
			path = MUKeychain;
			sourceTree = "<group>";
		};
		6D52A6551E2E01C000ADD32A /* MUMaskView */ = {
			isa = PBXGroup;
			children = (
				6D52A6561E2E01C000ADD32A /* UIView+MUMaskView.h */,
				6D52A6571E2E01C000ADD32A /* UIView+MUMaskView.m */,
				6D52A6581E2E01C000ADD32A /* UIViewController+MUMaskView.h */,
				6D52A6591E2E01C000ADD32A /* UIViewController+MUMaskView.m */,
			);
			path = MUMaskView;
			sourceTree = "<group>";
		};
		6D52A65C1E2E01CE00ADD32A /* MUTagsView */ = {
			isa = PBXGroup;
			children = (
				6D52A65D1E2E01CE00ADD32A /* MUTagsView.h */,
				6D52A65E1E2E01CE00ADD32A /* MUTagsView.m */,
			);
			path = MUTagsView;
			sourceTree = "<group>";
		};
		6D52A6601E2E022600ADD32A /* StoreKit */ = {
			isa = PBXGroup;
			children = (
				6D52A6611E2E022600ADD32A /* RTStoreManager.h */,
				6D52A6621E2E022600ADD32A /* RTStoreManager.m */,
			);
			path = StoreKit;
			sourceTree = "<group>";
		};
		6D52A6641E2E025C00ADD32A /* HUD */ = {
			isa = PBXGroup;
			children = (
				6D52A6651E2E025C00ADD32A /* RTHUD.h */,
				6D52A6661E2E025C00ADD32A /* RTHUD.m */,
				6D52A6671E2E025C00ADD32A /* RTHUDContentView.h */,
				6D52A6681E2E025C00ADD32A /* RTHUDContentView.m */,
			);
			path = HUD;
			sourceTree = "<group>";
		};
		9CE5838C76D8D95FA5934320 /* Pods */ = {
			isa = PBXGroup;
			children = (
				FB3DDECC61883873CDC5D70E /* Pods-Tools.debug.xcconfig */,
				8DA532B1EC075493BFD4F0C2 /* Pods-Tools.release.xcconfig */,
			);
			name = Pods;
			sourceTree = "<group>";
		};
		D457BE081C2903D10097035A /* MUPageChooser */ = {
			isa = PBXGroup;
			children = (
				D457BE091C2903D10097035A /* MUPageChooser.h */,
				D457BE0A1C2903D10097035A /* MUPageChooser.m */,
			);
			path = MUPageChooser;
			sourceTree = "<group>";
		};
		D470ADA41C902CDD0047D3F1 /* UILabel */ = {
			isa = PBXGroup;
			children = (
				D470ADA51C902CE50047D3F1 /* UILabel+SizeToFit.h */,
				D470ADA61C902CE50047D3F1 /* UILabel+SizeToFit.m */,
			);
			path = UILabel;
			sourceTree = "<group>";
		};
		D470ADA81C902D030047D3F1 /* UITableView */ = {
			isa = PBXGroup;
			children = (
				D470ADA91C902D030047D3F1 /* UITableView+SeparatorColor.h */,
				D470ADAA1C902D030047D3F1 /* UITableView+SeparatorColor.m */,
				D470ADAB1C902D030047D3F1 /* UITableView+SeparatorInset.h */,
				D470ADAC1C902D030047D3F1 /* UITableView+SeparatorInset.m */,
			);
			path = UITableView;
			sourceTree = "<group>";
		};
		D470ADB21C902D420047D3F1 /* UIViewController */ = {
			isa = PBXGroup;
			children = (
				D470ADB31C902D420047D3F1 /* UIViewController+Additem.h */,
				D470ADB41C902D420047D3F1 /* UIViewController+Additem.m */,
				D470ADB51C902D420047D3F1 /* UIViewController+Alert.h */,
				D470ADB61C902D420047D3F1 /* UIViewController+Alert.m */,
			);
			path = UIViewController;
			sourceTree = "<group>";
		};
		D470ADB91C902E730047D3F1 /* UIImageView */ = {
			isa = PBXGroup;
			children = (
				D470ADBA1C902E7C0047D3F1 /* MUCircleImageView */,
			);
			path = UIImageView;
			sourceTree = "<group>";
		};
		D470ADBA1C902E7C0047D3F1 /* MUCircleImageView */ = {
			isa = PBXGroup;
			children = (
				D470ADBB1C902E7C0047D3F1 /* MUCircleImageManager.h */,
				D470ADBC1C902E7C0047D3F1 /* MUCircleImageManager.m */,
				D470ADBD1C902E7C0047D3F1 /* UIImageView+Circle.h */,
				D470ADBE1C902E7C0047D3F1 /* UIImageView+Circle.m */,
			);
			path = MUCircleImageView;
			sourceTree = "<group>";
		};
		D479162F1BE3A616003B4C4C = {
			isa = PBXGroup;
			children = (
				D479163A1BE3A616003B4C4C /* Tools */,
				D47916391BE3A616003B4C4C /* Products */,
				9CE5838C76D8D95FA5934320 /* Pods */,
				FCD55707D82EDECB68153A39 /* Frameworks */,
			);
			sourceTree = "<group>";
		};
		D47916391BE3A616003B4C4C /* Products */ = {
			isa = PBXGroup;
			children = (
				D47916381BE3A616003B4C4C /* Tools.app */,
			);
			name = Products;
			sourceTree = "<group>";
		};
		D479163A1BE3A616003B4C4C /* Tools */ = {
			isa = PBXGroup;
			children = (
				D47916521BE3A640003B4C4C /* Library */,
				D479163E1BE3A616003B4C4C /* AppDelegate.h */,
				D479163F1BE3A616003B4C4C /* AppDelegate.m */,
				D47916411BE3A616003B4C4C /* ViewController.h */,
				D47916421BE3A616003B4C4C /* ViewController.m */,
				D47916471BE3A616003B4C4C /* Assets.xcassets */,
				D47916491BE3A616003B4C4C /* LaunchScreen.storyboard */,
				D479164C1BE3A616003B4C4C /* Info.plist */,
				D479163B1BE3A616003B4C4C /* Supporting Files */,
			);
			path = Tools;
			sourceTree = "<group>";
		};
		D479163B1BE3A616003B4C4C /* Supporting Files */ = {
			isa = PBXGroup;
			children = (
				D479163C1BE3A616003B4C4C /* main.m */,
			);
			name = "Supporting Files";
			sourceTree = "<group>";
		};
		D47916521BE3A640003B4C4C /* Library */ = {
			isa = PBXGroup;
			children = (
				D47916531BE3A640003B4C4C /* Private */,
				D47917721BE3A641003B4C4C /* Resource */,
			);
			path = Library;
			sourceTree = "<group>";
		};
		D47916531BE3A640003B4C4C /* Private */ = {
			isa = PBXGroup;
			children = (
				6D52A6411E2E013B00ADD32A /* DirectoryWatcher */,
				3B3138EA1BF1DCAA0059A0DE /* Runtime */,
				D47916541BE3A640003B4C4C /* Foundation */,
				D4EA4BF71BFF4B7B00B68851 /* IPAddress */,
				6D52A6641E2E025C00ADD32A /* HUD */,
				6D52A6451E2E016B00ADD32A /* MBProgressHUD */,
				D479165D1BE3A640003B4C4C /* Model */,
				D479166A1BE3A640003B4C4C /* MUAudioPlayer */,
				D4B47C671C0ACF08007B8575 /* MUBottomPopView */,
				D4C19AA11C0F21EC004B75C0 /* MUCirculateRoll */,
				6D3458241E320B4A00CA9621 /* MUCodeSign */,
				D495610B1D64A8F000CAF94D /* MUDeallocTask */,
				D4B290EE1C3BFEA3003AFE40 /* MUFirstTime */,
				6D52A6511E2E01B000ADD32A /* MUKeychain */,
				6D52A6551E2E01C000ADD32A /* MUMaskView */,
				D4B290A31C3BF6EF003AFE40 /* MUGuideView */,
				D457BE081C2903D10097035A /* MUPageChooser */,
				6D52A65C1E2E01CE00ADD32A /* MUTagsView */,
				3B3138E31BF1DBF20059A0DE /* MUToast */,
				D479166D1BE3A640003B4C4C /* Project */,
				D480BC911CBF6CC300D93DFD /* Socket */,
				6D52A6601E2E022600ADD32A /* StoreKit */,
				D47916921BE3A640003B4C4C /* UIKit */,
			);
			path = Private;
			sourceTree = "<group>";
		};
		D47916541BE3A640003B4C4C /* Foundation */ = {
			isa = PBXGroup;
			children = (
				D4A26C6B1BF8A18C00011494 /* NSData */,
				D47B40671C11901400707258 /* NSDate */,
				6D52A6311E2E00A000ADD32A /* NSDictionary */,
				D4B028B11BE8E71A004BD032 /* NSObject */,
				D47916581BE3A640003B4C4C /* NSLog */,
				D479165A1BE3A640003B4C4C /* NSString */,
			);
			path = Foundation;
			sourceTree = "<group>";
		};
		D47916581BE3A640003B4C4C /* NSLog */ = {
			isa = PBXGroup;
			children = (
				D47916591BE3A640003B4C4C /* Foundation+Log.m */,
			);
			path = NSLog;
			sourceTree = "<group>";
		};
		D479165A1BE3A640003B4C4C /* NSString */ = {
			isa = PBXGroup;
			children = (
				D470AD9E1C902C770047D3F1 /* NSString+Size.h */,
				D470AD9F1C902C770047D3F1 /* NSString+Size.m */,
				D48DBD911C06D5FE00D7364E /* NSString+Emoji.h */,
				D48DBD921C06D5FE00D7364E /* NSString+Emoji.m */,
				D479165B1BE3A640003B4C4C /* NSString+Extension.h */,
				D479165C1BE3A640003B4C4C /* NSString+Extension.m */,
				D48DBD881C06D5F300D7364E /* NSString+Hash.h */,
				D48DBD891C06D5F300D7364E /* NSString+Hash.m */,
				D48DBD8A1C06D5F300D7364E /* NSString+HRLegal.h */,
				D48DBD8B1C06D5F300D7364E /* NSString+HRLegal.m */,
				D48DBD8C1C06D5F300D7364E /* NSString+QRCode.h */,
				D48DBD8D1C06D5F300D7364E /* NSString+QRCode.m */,
			);
			path = NSString;
			sourceTree = "<group>";
		};
		D479165D1BE3A640003B4C4C /* Model */ = {
			isa = PBXGroup;
			children = (
				D479165E1BE3A640003B4C4C /* MUClassGuide.h */,
				D479165F1BE3A640003B4C4C /* MUClassGuide.m */,
				D47916601BE3A640003B4C4C /* MUClassSet.h */,
				D47916611BE3A640003B4C4C /* MUClassSet.m */,
				D47916621BE3A640003B4C4C /* MUModel.h */,
				D47916631BE3A640003B4C4C /* MUPropertySet.h */,
				D47916641BE3A640003B4C4C /* MUPropertySet.m */,
				D47916651BE3A640003B4C4C /* MUVar.h */,
				D47916661BE3A640003B4C4C /* MUVar.m */,
				D47916671BE3A640003B4C4C /* NSObject+Model.h */,
				D47916681BE3A640003B4C4C /* NSObject+Model.m */,
				D47916691BE3A640003B4C4C /* README */,
			);
			path = Model;
			sourceTree = "<group>";
		};
		D479166A1BE3A640003B4C4C /* MUAudioPlayer */ = {
			isa = PBXGroup;
			children = (
				D479166B1BE3A640003B4C4C /* MUAudioPlayer.h */,
				D479166C1BE3A640003B4C4C /* MUAudioPlayer.m */,
			);
			path = MUAudioPlayer;
			sourceTree = "<group>";
		};
		D479166D1BE3A640003B4C4C /* Project */ = {
			isa = PBXGroup;
			children = (
				D479166E1BE3A640003B4C4C /* WelcomeViewController */,
			);
			path = Project;
			sourceTree = "<group>";
		};
		D479166E1BE3A640003B4C4C /* WelcomeViewController */ = {
			isa = PBXGroup;
			children = (
				D479166F1BE3A640003B4C4C /* WelcomeViewController.h */,
				D47916701BE3A640003B4C4C /* WelcomeViewController.m */,
			);
			path = WelcomeViewController;
			sourceTree = "<group>";
		};
		D47916921BE3A640003B4C4C /* UIKit */ = {
			isa = PBXGroup;
			children = (
				6D52A6351E2E00DF00ADD32A /* UIApplication */,
				D47916931BE3A640003B4C4C /* UIBarButtonItem */,
				D47916961BE3A640003B4C4C /* UIButton */,
				D47916991BE3A640003B4C4C /* UIColor */,
				6D52A6391E2E00F500ADD32A /* UIDevice */,
				D479169C1BE3A640003B4C4C /* UIImage */,
				D470ADB91C902E730047D3F1 /* UIImageView */,
				D479169F1BE3A640003B4C4C /* UIKit+Extension.h */,
				D470ADA41C902CDD0047D3F1 /* UILabel */,
				D47916A01BE3A640003B4C4C /* UINavigationBar */,
				6D52A63D1E2E010900ADD32A /* UITabBarItem */,
				D470ADA81C902D030047D3F1 /* UITableView */,
				D47916A31BE3A640003B4C4C /* UIView */,
				D470ADB21C902D420047D3F1 /* UIViewController */,
			);
			path = UIKit;
			sourceTree = "<group>";
		};
		D47916931BE3A640003B4C4C /* UIBarButtonItem */ = {
			isa = PBXGroup;
			children = (
				D47916941BE3A640003B4C4C /* UIBarButtonItem+Extension.h */,
				D47916951BE3A640003B4C4C /* UIBarButtonItem+Extension.m */,
			);
			path = UIBarButtonItem;
			sourceTree = "<group>";
		};
		D47916961BE3A640003B4C4C /* UIButton */ = {
			isa = PBXGroup;
			children = (
				D47916971BE3A640003B4C4C /* UIButton+Extension.h */,
				D47916981BE3A640003B4C4C /* UIButton+Extension.m */,
			);
			path = UIButton;
			sourceTree = "<group>";
		};
		D47916991BE3A640003B4C4C /* UIColor */ = {
			isa = PBXGroup;
			children = (
				D479169A1BE3A640003B4C4C /* UIColor+Extension.h */,
				D479169B1BE3A640003B4C4C /* UIColor+Extension.m */,
				D470ADA11C902CAB0047D3F1 /* UIColor+Extensions.h */,
				D470ADA21C902CAB0047D3F1 /* UIColor+Extensions.m */,
			);
			path = UIColor;
			sourceTree = "<group>";
		};
		D479169C1BE3A640003B4C4C /* UIImage */ = {
			isa = PBXGroup;
			children = (
				D4A3AC4C1CA38EA600F84E08 /* iconfont-wechat1193418easyiconnet-2@2x.png */,
				D4A3AC201CA3863700F84E08 /* header.JPG */,
				D4A3AC1E1CA3860300F84E08 /* iconfont-wechat1193418easyiconnet@2x.png */,
				D479169D1BE3A640003B4C4C /* UIImage+Extension.h */,
				D479169E1BE3A640003B4C4C /* UIImage+Extension.m */,
			);
			path = UIImage;
			sourceTree = "<group>";
		};
		D47916A01BE3A640003B4C4C /* UINavigationBar */ = {
			isa = PBXGroup;
			children = (
				D41534B01C0D8C360086FA21 /* UINavigationBar.bundle */,
				D47916A11BE3A640003B4C4C /* UINavigationBar+Extension.h */,
				D47916A21BE3A640003B4C4C /* UINavigationBar+Extension.m */,
			);
			path = UINavigationBar;
			sourceTree = "<group>";
		};
		D47916A31BE3A640003B4C4C /* UIView */ = {
			isa = PBXGroup;
			children = (
				D470ADAF1C902D1E0047D3F1 /* UIView+Snapshot.h */,
				D470ADB01C902D1E0047D3F1 /* UIView+Snapshot.m */,
				D47916A41BE3A640003B4C4C /* UIView+Extension.h */,
				D47916A51BE3A640003B4C4C /* UIView+Extension.m */,
			);
			path = UIView;
			sourceTree = "<group>";
		};
		D47917721BE3A641003B4C4C /* Resource */ = {
			isa = PBXGroup;
			children = (
				D47917731BE3A641003B4C4C /* Plist */,
			);
			path = Resource;
			sourceTree = "<group>";
		};
		D47917731BE3A641003B4C4C /* Plist */ = {
			isa = PBXGroup;
			children = (
				D4B47C651C0ACEF8007B8575 /* China.plist */,
				D47917741BE3A641003B4C4C /* 市区+县.plist */,
				D47917751BE3A641003B4C4C /* 省份+市区.plist */,
				D4BAA4091C09990B00CFEC71 /* 省+市+县.plist */,
			);
			path = Plist;
			sourceTree = "<group>";
		};
		D47B40671C11901400707258 /* NSDate */ = {
			isa = PBXGroup;
			children = (
				D47B40681C11901400707258 /* NSDate+Extension.h */,
				D47B40691C11901400707258 /* NSDate+Extension.m */,
				D4C0C43D1C202FA000839875 /* NSDateFormatter+Category.h */,
				D4C0C43E1C202FA000839875 /* NSDateFormatter+Category.m */,
				D4C0C4461C20307C00839875 /* DateDescription.strings */,
			);
			path = NSDate;
			sourceTree = "<group>";
		};
		D480BC911CBF6CC300D93DFD /* Socket */ = {
			isa = PBXGroup;
			children = (
				D480BC921CBF6CC300D93DFD /* Library */,
				D480BC9C1CBF6CC300D93DFD /* MUSocket.h */,
				D480BC9D1CBF6CC300D93DFD /* TCPFramework */,
				D480BCAC1CBF6CC300D93DFD /* UDPFramework */,
			);
			path = Socket;
			sourceTree = "<group>";
		};
		D480BC921CBF6CC300D93DFD /* Library */ = {
			isa = PBXGroup;
			children = (
				D480BC931CBF6CC300D93DFD /* dispatch.c */,
				D480BC941CBF6CC300D93DFD /* dispatch.h */,
				D480BC951CBF6CC300D93DFD /* MUSocketConst.h */,
				D480BC961CBF6CC300D93DFD /* NSError+Socket.h */,
				D480BC971CBF6CC300D93DFD /* NSError+Socket.m */,
				D480BC981CBF6CC300D93DFD /* ytcpsocket.c */,
				D480BC991CBF6CC300D93DFD /* ytcpsocket.h */,
				D480BC9A1CBF6CC300D93DFD /* yudpsocket.c */,
				D480BC9B1CBF6CC300D93DFD /* yudpsocket.h */,
			);
			path = Library;
			sourceTree = "<group>";
		};
		D480BC9D1CBF6CC300D93DFD /* TCPFramework */ = {
			isa = PBXGroup;
			children = (
				D480BC9E1CBF6CC300D93DFD /* TCPAsyncSocket */,
				D480BCA51CBF6CC300D93DFD /* TCPSyncSocket */,
			);
			path = TCPFramework;
			sourceTree = "<group>";
		};
		D480BC9E1CBF6CC300D93DFD /* TCPAsyncSocket */ = {
			isa = PBXGroup;
			children = (
				D480BC9F1CBF6CC300D93DFD /* TCPAsyncClient */,
				D480BCA21CBF6CC300D93DFD /* TCPAsyncServer */,
			);
			path = TCPAsyncSocket;
			sourceTree = "<group>";
		};
		D480BC9F1CBF6CC300D93DFD /* TCPAsyncClient */ = {
			isa = PBXGroup;
			children = (
				D480BCA01CBF6CC300D93DFD /* MUAsyncTCPClient.h */,
				D480BCA11CBF6CC300D93DFD /* MUAsyncTCPClient.m */,
			);
			path = TCPAsyncClient;
			sourceTree = "<group>";
		};
		D480BCA21CBF6CC300D93DFD /* TCPAsyncServer */ = {
			isa = PBXGroup;
			children = (
				D480BCA31CBF6CC300D93DFD /* MUAsyncTCPServer.h */,
				D480BCA41CBF6CC300D93DFD /* MUAsyncTCPServer.m */,
			);
			path = TCPAsyncServer;
			sourceTree = "<group>";
		};
		D480BCA51CBF6CC300D93DFD /* TCPSyncSocket */ = {
			isa = PBXGroup;
			children = (
				D480BCA61CBF6CC300D93DFD /* TCPSyncClient */,
				D480BCA91CBF6CC300D93DFD /* TCPSyncServer */,
			);
			path = TCPSyncSocket;
			sourceTree = "<group>";
		};
		D480BCA61CBF6CC300D93DFD /* TCPSyncClient */ = {
			isa = PBXGroup;
			children = (
				D480BCA71CBF6CC300D93DFD /* MUSyncTCPClient.h */,
				D480BCA81CBF6CC300D93DFD /* MUSyncTCPClient.m */,
			);
			path = TCPSyncClient;
			sourceTree = "<group>";
		};
		D480BCA91CBF6CC300D93DFD /* TCPSyncServer */ = {
			isa = PBXGroup;
			children = (
				D480BCAA1CBF6CC300D93DFD /* MUSyncTCPServer.h */,
				D480BCAB1CBF6CC300D93DFD /* MUSyncTCPServer.m */,
			);
			path = TCPSyncServer;
			sourceTree = "<group>";
		};
		D480BCAC1CBF6CC300D93DFD /* UDPFramework */ = {
			isa = PBXGroup;
			children = (
				D480BCAD1CBF6CC300D93DFD /* UDPAsyncSocket */,
				D480BCB01CBF6CC300D93DFD /* UDPSyncSocket */,
			);
			path = UDPFramework;
			sourceTree = "<group>";
		};
		D480BCAD1CBF6CC300D93DFD /* UDPAsyncSocket */ = {
			isa = PBXGroup;
			children = (
				D480BCAE1CBF6CC300D93DFD /* MUAsyncUDPSocket.h */,
				D480BCAF1CBF6CC300D93DFD /* MUAsyncUDPSocket.m */,
			);
			path = UDPAsyncSocket;
			sourceTree = "<group>";
		};
		D480BCB01CBF6CC300D93DFD /* UDPSyncSocket */ = {
			isa = PBXGroup;
			children = (
				D480BCB11CBF6CC300D93DFD /* MUSyncUDPSocket.h */,
				D480BCB21CBF6CC300D93DFD /* MUSyncUDPSocket.m */,
			);
			path = UDPSyncSocket;
			sourceTree = "<group>";
		};
		D495610B1D64A8F000CAF94D /* MUDeallocTask */ = {
			isa = PBXGroup;
			children = (
				D495610C1D64A8F000CAF94D /* MUDeallocTask.h */,
				D495610D1D64A8F000CAF94D /* MUDeallocTaskTarget.h */,
				D495610E1D64A8F000CAF94D /* MUDeallocTaskTarget.m */,
				D495610F1D64A8F000CAF94D /* NSObject+MUTask.h */,
				D49561101D64A8F000CAF94D /* NSObject+MUTask.m */,
			);
			path = MUDeallocTask;
			sourceTree = "<group>";
		};
		D4A26C6B1BF8A18C00011494 /* NSData */ = {
			isa = PBXGroup;
			children = (
				D4A26C6C1BF8A1B300011494 /* NSData+Unique.h */,
				D4A26C6D1BF8A1B300011494 /* NSData+Unique.m */,
			);
			path = NSData;
			sourceTree = "<group>";
		};
		D4B028B11BE8E71A004BD032 /* NSObject */ = {
			isa = PBXGroup;
			children = (
			);
			path = NSObject;
			sourceTree = "<group>";
		};
		D4B290A31C3BF6EF003AFE40 /* MUGuideView */ = {
			isa = PBXGroup;
			children = (
				D4B290A41C3BF6EF003AFE40 /* Category */,
				D4B290AF1C3BF6EF003AFE40 /* Resources */,
				D4B290B41C3BF6EF003AFE40 /* Views */,
				D4B290AB1C3BF6EF003AFE40 /* MUGuideItem.h */,
				D4B290AC1C3BF6EF003AFE40 /* MUGuideItem.m */,
				D4B290AD1C3BF6EF003AFE40 /* MUGuideView.h */,
				D4B290AE1C3BF6EF003AFE40 /* MUGuideView.m */,
			);
			path = MUGuideView;
			sourceTree = "<group>";
		};
		D4B290A41C3BF6EF003AFE40 /* Category */ = {
			isa = PBXGroup;
			children = (
				D4B290A51C3BF6EF003AFE40 /* UIImage+Bounds.h */,
				D4B290A61C3BF6EF003AFE40 /* UIImage+Bounds.m */,
				D4B290A71C3BF6EF003AFE40 /* UIView+GuideView.h */,
				D4B290A81C3BF6EF003AFE40 /* UIView+GuideView.m */,
				D4B290A91C3BF6EF003AFE40 /* UIView+Snapshot.h */,
				D4B290AA1C3BF6EF003AFE40 /* UIView+Snapshot.m */,
			);
			path = Category;
			sourceTree = "<group>";
		};
		D4B290AF1C3BF6EF003AFE40 /* Resources */ = {
			isa = PBXGroup;
			children = (
				D4B290B01C3BF6EF003AFE40 /* guide_arrow_left@2x.png */,
				D4B290B11C3BF6EF003AFE40 /* guide_arrow_right@2x.png */,
			);
			path = Resources;
			sourceTree = "<group>";
		};
		D4B290B41C3BF6EF003AFE40 /* Views */ = {
			isa = PBXGroup;
			children = (
				D4B290B51C3BF6EF003AFE40 /* MUGuideArrowView.h */,
				D4B290B61C3BF6EF003AFE40 /* MUGuideArrowView.m */,
				D4B290B71C3BF6EF003AFE40 /* MUGuideContentView.h */,
				D4B290B81C3BF6EF003AFE40 /* MUGuideContentView.m */,
				D4B290B91C3BF6EF003AFE40 /* MUGuideTargetView.h */,
				D4B290BA1C3BF6EF003AFE40 /* MUGuideTargetView.m */,
			);
			path = Views;
			sourceTree = "<group>";
		};
		D4B290EE1C3BFEA3003AFE40 /* MUFirstTime */ = {
			isa = PBXGroup;
			children = (
				D4B290EF1C3BFEA3003AFE40 /* MUFirstTime.h */,
				D4B290F01C3BFEA3003AFE40 /* MUFirstTime.m */,
			);
			path = MUFirstTime;
			sourceTree = "<group>";
		};
		D4B47C671C0ACF08007B8575 /* MUBottomPopView */ = {
			isa = PBXGroup;
			children = (
				D4B47C731C0AD61A007B8575 /* pcr.plist */,
				D4B47C691C0ACF08007B8575 /* MUBottomPopCityPickerView.h */,
				D4B47C6A1C0ACF08007B8575 /* MUBottomPopCityPickerView.m */,
				D4B47C6B1C0ACF08007B8575 /* MUBottomPopDatePickerView.h */,
				D4B47C6C1C0ACF08007B8575 /* MUBottomPopDatePickerView.m */,
				D41534AD1C0D81000086FA21 /* MUBottomPopPickerView.h */,
				D41534AE1C0D81000086FA21 /* MUBottomPopPickerView.m */,
				D4B28E9F1C5DE65600259F89 /* MUBottomPopGroupPickerView.h */,
				D4B28EA01C5DE65600259F89 /* MUBottomPopGroupPickerView.m */,
				D4B28EA21C5E03B300259F89 /* MUBottomPopNumberPickerView.h */,
				D4B28EA31C5E03B300259F89 /* MUBottomPopNumberPickerView.m */,
				D4B47C6D1C0ACF08007B8575 /* MUBottomPopView.h */,
				D4B47C6E1C0ACF08007B8575 /* MUBottomPopView.m */,
			);
			path = MUBottomPopView;
			sourceTree = "<group>";
		};
		D4C19AA11C0F21EC004B75C0 /* MUCirculateRoll */ = {
			isa = PBXGroup;
			children = (
				D4C19AA41C0F21EC004B75C0 /* MUCirculateRollView.h */,
				D4C19AA51C0F21EC004B75C0 /* MUCirculateRollView.m */,
			);
			path = MUCirculateRoll;
			sourceTree = "<group>";
		};
		D4EA4BF71BFF4B7B00B68851 /* IPAddress */ = {
			isa = PBXGroup;
			children = (
				D4EA4BF81BFF4B7B00B68851 /* IPAddress.h */,
				D4EA4BF91BFF4B7B00B68851 /* IPAddress.m */,
			);
			path = IPAddress;
			sourceTree = "<group>";
		};
		FCD55707D82EDECB68153A39 /* Frameworks */ = {
			isa = PBXGroup;
			children = (
				B29DA2A35C97111F3D92B181 /* libPods-Tools.a */,
			);
			name = Frameworks;
			sourceTree = "<group>";
		};
/* End PBXGroup section */

/* Begin PBXNativeTarget section */
		D47916371BE3A616003B4C4C /* Tools */ = {
			isa = PBXNativeTarget;
			buildConfigurationList = D479164F1BE3A616003B4C4C /* Build configuration list for PBXNativeTarget "Tools" */;
			buildPhases = (
				AB3C134D8DB7655907227FEE /* Check Pods Manifest.lock */,
				D47916341BE3A616003B4C4C /* Sources */,
				D47916351BE3A616003B4C4C /* Frameworks */,
				D47916361BE3A616003B4C4C /* Resources */,
				093CD062C1ED4A969FC9F353 /* Embed Pods Frameworks */,
				FCA6D7822AD29D2115993660 /* Copy Pods Resources */,
			);
			buildRules = (
			);
			dependencies = (
			);
			name = Tools;
			productName = Tools;
			productReference = D47916381BE3A616003B4C4C /* Tools.app */;
			productType = "com.apple.product-type.application";
		};
/* End PBXNativeTarget section */

/* Begin PBXProject section */
		D47916301BE3A616003B4C4C /* Project object */ = {
			isa = PBXProject;
			attributes = {
				LastUpgradeCheck = 0820;
				ORGANIZATIONNAME = Unique;
				TargetAttributes = {
					D47916371BE3A616003B4C4C = {
						CreatedOnToolsVersion = 7.0;
						DevelopmentTeam = 9T6FMPNKHB;
						ProvisioningStyle = Manual;
					};
				};
			};
			buildConfigurationList = D47916331BE3A616003B4C4C /* Build configuration list for PBXProject "Tools" */;
			compatibilityVersion = "Xcode 3.2";
			developmentRegion = English;
			hasScannedForEncodings = 0;
			knownRegions = (
				en,
				Base,
			);
			mainGroup = D479162F1BE3A616003B4C4C;
			productRefGroup = D47916391BE3A616003B4C4C /* Products */;
			projectDirPath = "";
			projectRoot = "";
			targets = (
				D47916371BE3A616003B4C4C /* Tools */,
			);
		};
/* End PBXProject section */

/* Begin PBXResourcesBuildPhase section */
		D47916361BE3A616003B4C4C /* Resources */ = {
			isa = PBXResourcesBuildPhase;
			buildActionMask = 2147483647;
			files = (
				D479177E1BE3A641003B4C4C /* README in Resources */,
				D47917E81BE3A641003B4C4C /* 市区+县.plist in Resources */,
				D4A3AC211CA3863700F84E08 /* header.JPG in Resources */,
				D479164B1BE3A616003B4C4C /* LaunchScreen.storyboard in Resources */,
				D47916481BE3A616003B4C4C /* Assets.xcassets in Resources */,
				6D52A64F1E2E016B00ADD32A /* MBProgressHUD.bundle in Resources */,
				3B3138E91BF1DBF20059A0DE /* Toast.bundle in Resources */,
				D4C0C4441C20307C00839875 /* DateDescription.strings in Resources */,
				D4B47C661C0ACEF8007B8575 /* China.plist in Resources */,
				D4BAA40A1C09990B00CFEC71 /* 省+市+县.plist in Resources */,
				D41534B11C0D8C360086FA21 /* UINavigationBar.bundle in Resources */,
				D4B290C11C3BF6EF003AFE40 /* guide_arrow_right@2x.png in Resources */,
				D4A3AC4D1CA38EA600F84E08 /* iconfont-wechat1193418easyiconnet-2@2x.png in Resources */,
				D4A3AC1F1CA3860300F84E08 /* iconfont-wechat1193418easyiconnet@2x.png in Resources */,
				D4B47C741C0AD61A007B8575 /* pcr.plist in Resources */,
				D47917E91BE3A641003B4C4C /* 省份+市区.plist in Resources */,
				D4B290C01C3BF6EF003AFE40 /* guide_arrow_left@2x.png in Resources */,
			);
			runOnlyForDeploymentPostprocessing = 0;
		};
/* End PBXResourcesBuildPhase section */

/* Begin PBXShellScriptBuildPhase section */
		093CD062C1ED4A969FC9F353 /* Embed Pods Frameworks */ = {
			isa = PBXShellScriptBuildPhase;
			buildActionMask = 2147483647;
			files = (
			);
			inputPaths = (
			);
			name = "Embed Pods Frameworks";
			outputPaths = (
			);
			runOnlyForDeploymentPostprocessing = 0;
			shellPath = /bin/sh;
			shellScript = "\"${SRCROOT}/Pods/Target Support Files/Pods-Tools/Pods-Tools-frameworks.sh\"\n";
			showEnvVarsInLog = 0;
		};
		AB3C134D8DB7655907227FEE /* Check Pods Manifest.lock */ = {
			isa = PBXShellScriptBuildPhase;
			buildActionMask = 2147483647;
			files = (
			);
			inputPaths = (
			);
			name = "Check Pods Manifest.lock";
			outputPaths = (
			);
			runOnlyForDeploymentPostprocessing = 0;
			shellPath = /bin/sh;
			shellScript = "diff \"${PODS_ROOT}/../Podfile.lock\" \"${PODS_ROOT}/Manifest.lock\" > /dev/null\nif [[ $? != 0 ]] ; then\n    cat << EOM\nerror: The sandbox is not in sync with the Podfile.lock. Run 'pod install' or update your CocoaPods installation.\nEOM\n    exit 1\nfi\n";
			showEnvVarsInLog = 0;
		};
		FCA6D7822AD29D2115993660 /* Copy Pods Resources */ = {
			isa = PBXShellScriptBuildPhase;
			buildActionMask = 2147483647;
			files = (
			);
			inputPaths = (
			);
			name = "Copy Pods Resources";
			outputPaths = (
			);
			runOnlyForDeploymentPostprocessing = 0;
			shellPath = /bin/sh;
			shellScript = "\"${SRCROOT}/Pods/Target Support Files/Pods-Tools/Pods-Tools-resources.sh\"\n";
			showEnvVarsInLog = 0;
		};
/* End PBXShellScriptBuildPhase section */

/* Begin PBXSourcesBuildPhase section */
		D47916341BE3A616003B4C4C /* Sources */ = {
			isa = PBXSourcesBuildPhase;
			buildActionMask = 2147483647;
			files = (
				3B3138F11BF1DCAA0059A0DE /* NSObject+Runtime.m in Sources */,
				6D34582D1E320B4A00CA9621 /* MUMobileProvision.m in Sources */,
				6D52A65A1E2E01C000ADD32A /* UIView+MUMaskView.m in Sources */,
				D479178E1BE3A641003B4C4C /* UINavigationBar+Extension.m in Sources */,
				6D52A6381E2E00DF00ADD32A /* UIApplication+MUExtension.m in Sources */,
				D4B290BC1C3BF6EF003AFE40 /* UIView+GuideView.m in Sources */,
				D470ADC01C902E7C0047D3F1 /* UIImageView+Circle.m in Sources */,
				D470ADBF1C902E7C0047D3F1 /* MUCircleImageManager.m in Sources */,
				6D52A6691E2E025C00ADD32A /* RTHUD.m in Sources */,
				6D52A6541E2E01B000ADD32A /* MUKeychain.m in Sources */,
				6D52A64E1E2E016B00ADD32A /* MBProgressHUD+MJ.m in Sources */,
				D4C584301D72CCD700619280 /* NSObject+Association.m in Sources */,
				D47917801BE3A641003B4C4C /* WelcomeViewController.m in Sources */,
				D4EA4BFA1BFF4B7B00B68851 /* IPAddress.m in Sources */,
				D4B28EA11C5DE65600259F89 /* MUBottomPopGroupPickerView.m in Sources */,
				D479178B1BE3A641003B4C4C /* UIButton+Extension.m in Sources */,
				D480BCBA1CBF6CC300D93DFD /* MUSyncTCPServer.m in Sources */,
				D480BCB51CBF6CC300D93DFD /* ytcpsocket.c in Sources */,
				D48DBD901C06D5F300D7364E /* NSString+QRCode.m in Sources */,
				D49561111D64A8F000CAF94D /* MUDeallocTaskTarget.m in Sources */,
				D479178C1BE3A641003B4C4C /* UIColor+Extension.m in Sources */,
				D47916431BE3A616003B4C4C /* ViewController.m in Sources */,
				D41534AF1C0D81000086FA21 /* MUBottomPopPickerView.m in Sources */,
				6D52A66A1E2E025C00ADD32A /* RTHUDContentView.m in Sources */,
				6D34582C1E320B4A00CA9621 /* MUEntitlements.m in Sources */,
				D4B290C51C3BF6EF003AFE40 /* MUGuideContentView.m in Sources */,
				D4C19AA71C0F21EC004B75C0 /* MUCirculateRollView.m in Sources */,
				D4B290BD1C3BF6EF003AFE40 /* UIView+Snapshot.m in Sources */,
				D4A26C6E1BF8A1B300011494 /* NSData+Unique.m in Sources */,
				6D52A6441E2E013B00ADD32A /* DirectoryWatcher.m in Sources */,
				D4B290C61C3BF6EF003AFE40 /* MUGuideTargetView.m in Sources */,
				D479177D1BE3A641003B4C4C /* NSObject+Model.m in Sources */,
				6D52A63C1E2E00F500ADD32A /* UIDevice+MUExtension.m in Sources */,
				D4B290BF1C3BF6EF003AFE40 /* MUGuideView.m in Sources */,
				D480BCB41CBF6CC300D93DFD /* NSError+Socket.m in Sources */,
				D47B406A1C11901400707258 /* NSDate+Extension.m in Sources */,
				D47917781BE3A641003B4C4C /* NSString+Extension.m in Sources */,
				D470ADAE1C902D030047D3F1 /* UITableView+SeparatorInset.m in Sources */,
				D480BCB81CBF6CC300D93DFD /* MUAsyncTCPServer.m in Sources */,
				D480BCBC1CBF6CC300D93DFD /* MUSyncUDPSocket.m in Sources */,
				D470ADAD1C902D030047D3F1 /* UITableView+SeparatorColor.m in Sources */,
				6D34582B1E320B4A00CA9621 /* MUCodeSignCheck.m in Sources */,
				D470ADB11C902D1E0047D3F1 /* UIView+Snapshot.m in Sources */,
				D479178F1BE3A641003B4C4C /* UIView+Extension.m in Sources */,
				6D52A65B1E2E01C000ADD32A /* UIViewController+MUMaskView.m in Sources */,
				D49561121D64A8F000CAF94D /* NSObject+MUTask.m in Sources */,
				D47917771BE3A641003B4C4C /* Foundation+Log.m in Sources */,
				D4B47C701C0ACF08007B8575 /* MUBottomPopCityPickerView.m in Sources */,
				D4B47C711C0ACF08007B8575 /* MUBottomPopDatePickerView.m in Sources */,
				D479177C1BE3A641003B4C4C /* MUVar.m in Sources */,
				D480BCB31CBF6CC300D93DFD /* dispatch.c in Sources */,
				D479177A1BE3A641003B4C4C /* MUClassSet.m in Sources */,
				D48DBD931C06D5FE00D7364E /* NSString+Emoji.m in Sources */,
				D470ADA71C902CE50047D3F1 /* UILabel+SizeToFit.m in Sources */,
				D470ADA01C902C770047D3F1 /* NSString+Size.m in Sources */,
				6D52A6401E2E010900ADD32A /* UITabBarItem+Extension.m in Sources */,
				6D52A65F1E2E01CE00ADD32A /* MUTagsView.m in Sources */,
				D48DBD8F1C06D5F300D7364E /* NSString+HRLegal.m in Sources */,
				D4B47C721C0ACF08007B8575 /* MUBottomPopView.m in Sources */,
				D479178A1BE3A641003B4C4C /* UIBarButtonItem+Extension.m in Sources */,
				D4B28EA41C5E03B300259F89 /* MUBottomPopNumberPickerView.m in Sources */,
				D4B290F11C3BFEA3003AFE40 /* MUFirstTime.m in Sources */,
				D4C0C43F1C202FA000839875 /* NSDateFormatter+Category.m in Sources */,
				D479177F1BE3A641003B4C4C /* MUAudioPlayer.m in Sources */,
				3B3138E81BF1DBF20059A0DE /* MUToast.m in Sources */,
				D4B290BB1C3BF6EF003AFE40 /* UIImage+Bounds.m in Sources */,
				D470ADB81C902D420047D3F1 /* UIViewController+Alert.m in Sources */,
				D47917791BE3A641003B4C4C /* MUClassGuide.m in Sources */,
				D480BCBB1CBF6CC300D93DFD /* MUAsyncUDPSocket.m in Sources */,
				D48DBD8E1C06D5F300D7364E /* NSString+Hash.m in Sources */,
				D4B290BE1C3BF6EF003AFE40 /* MUGuideItem.m in Sources */,
				D457BE0B1C2903D10097035A /* MUPageChooser.m in Sources */,
				6D52A6341E2E00A000ADD32A /* NSMutableDictionary+MUBaseParame.m in Sources */,
				D479177B1BE3A641003B4C4C /* MUPropertySet.m in Sources */,
				D470ADB71C902D420047D3F1 /* UIViewController+Additem.m in Sources */,
				D479178D1BE3A641003B4C4C /* UIImage+Extension.m in Sources */,
				D47916401BE3A616003B4C4C /* AppDelegate.m in Sources */,
				6D52A6631E2E022600ADD32A /* RTStoreManager.m in Sources */,
				3B3138F21BF1DCAA0059A0DE /* NSProperty.m in Sources */,
				D480BCB91CBF6CC300D93DFD /* MUSyncTCPClient.m in Sources */,
				D480BCB61CBF6CC300D93DFD /* yudpsocket.c in Sources */,
				D470ADA31C902CAC0047D3F1 /* UIColor+Extensions.m in Sources */,
				D479163D1BE3A616003B4C4C /* main.m in Sources */,
				D4B290C41C3BF6EF003AFE40 /* MUGuideArrowView.m in Sources */,
				D480BCB71CBF6CC300D93DFD /* MUAsyncTCPClient.m in Sources */,
			);
			runOnlyForDeploymentPostprocessing = 0;
		};
/* End PBXSourcesBuildPhase section */

/* Begin PBXVariantGroup section */
		D47916491BE3A616003B4C4C /* LaunchScreen.storyboard */ = {
			isa = PBXVariantGroup;
			children = (
				D479164A1BE3A616003B4C4C /* Base */,
				D4C0C4411C20304900839875 /* zh-Hans */,
			);
			name = LaunchScreen.storyboard;
			sourceTree = "<group>";
		};
		D4C0C4461C20307C00839875 /* DateDescription.strings */ = {
			isa = PBXVariantGroup;
			children = (
				D4C0C4451C20307C00839875 /* zh-Hans */,
				D4C0C4471C20307E00839875 /* en */,
			);
			name = DateDescription.strings;
			sourceTree = "<group>";
		};
/* End PBXVariantGroup section */

/* Begin XCBuildConfiguration section */
		D479164D1BE3A616003B4C4C /* Debug */ = {
			isa = XCBuildConfiguration;
			buildSettings = {
				ALWAYS_SEARCH_USER_PATHS = NO;
				CLANG_ANALYZER_LOCALIZABILITY_NONLOCALIZED = YES;
				CLANG_CXX_LANGUAGE_STANDARD = "gnu++0x";
				CLANG_CXX_LIBRARY = "libc++";
				CLANG_ENABLE_MODULES = YES;
				CLANG_ENABLE_OBJC_ARC = YES;
				CLANG_WARN_BOOL_CONVERSION = YES;
				CLANG_WARN_CONSTANT_CONVERSION = YES;
				CLANG_WARN_DIRECT_OBJC_ISA_USAGE = YES_ERROR;
				CLANG_WARN_EMPTY_BODY = YES;
				CLANG_WARN_ENUM_CONVERSION = YES;
				CLANG_WARN_INFINITE_RECURSION = YES;
				CLANG_WARN_INT_CONVERSION = YES;
				CLANG_WARN_OBJC_ROOT_CLASS = YES_ERROR;
				CLANG_WARN_SUSPICIOUS_MOVE = YES;
				CLANG_WARN_UNREACHABLE_CODE = YES;
				CLANG_WARN__DUPLICATE_METHOD_MATCH = YES;
				"CODE_SIGN_IDENTITY[sdk=iphoneos*]" = "iPhone Developer";
				COPY_PHASE_STRIP = NO;
				DEBUG_INFORMATION_FORMAT = dwarf;
				ENABLE_STRICT_OBJC_MSGSEND = YES;
				ENABLE_TESTABILITY = YES;
				GCC_C_LANGUAGE_STANDARD = gnu99;
				GCC_DYNAMIC_NO_PIC = NO;
				GCC_NO_COMMON_BLOCKS = YES;
				GCC_OPTIMIZATION_LEVEL = 0;
				GCC_PREPROCESSOR_DEFINITIONS = (
					"DEBUG=1",
					"$(inherited)",
				);
				GCC_WARN_64_TO_32_BIT_CONVERSION = YES;
				GCC_WARN_ABOUT_RETURN_TYPE = YES_ERROR;
				GCC_WARN_UNDECLARED_SELECTOR = YES;
				GCC_WARN_UNINITIALIZED_AUTOS = YES_AGGRESSIVE;
				GCC_WARN_UNUSED_FUNCTION = YES;
				GCC_WARN_UNUSED_VARIABLE = YES;
				IPHONEOS_DEPLOYMENT_TARGET = 9.0;
				MTL_ENABLE_DEBUG_INFO = YES;
				ONLY_ACTIVE_ARCH = YES;
				SDKROOT = iphoneos;
			};
			name = Debug;
		};
		D479164E1BE3A616003B4C4C /* Release */ = {
			isa = XCBuildConfiguration;
			buildSettings = {
				ALWAYS_SEARCH_USER_PATHS = NO;
				CLANG_ANALYZER_LOCALIZABILITY_NONLOCALIZED = YES;
				CLANG_CXX_LANGUAGE_STANDARD = "gnu++0x";
				CLANG_CXX_LIBRARY = "libc++";
				CLANG_ENABLE_MODULES = YES;
				CLANG_ENABLE_OBJC_ARC = YES;
				CLANG_WARN_BOOL_CONVERSION = YES;
				CLANG_WARN_CONSTANT_CONVERSION = YES;
				CLANG_WARN_DIRECT_OBJC_ISA_USAGE = YES_ERROR;
				CLANG_WARN_EMPTY_BODY = YES;
				CLANG_WARN_ENUM_CONVERSION = YES;
				CLANG_WARN_INFINITE_RECURSION = YES;
				CLANG_WARN_INT_CONVERSION = YES;
				CLANG_WARN_OBJC_ROOT_CLASS = YES_ERROR;
				CLANG_WARN_SUSPICIOUS_MOVE = YES;
				CLANG_WARN_UNREACHABLE_CODE = YES;
				CLANG_WARN__DUPLICATE_METHOD_MATCH = YES;
				"CODE_SIGN_IDENTITY[sdk=iphoneos*]" = "iPhone Developer";
				COPY_PHASE_STRIP = NO;
				DEBUG_INFORMATION_FORMAT = "dwarf-with-dsym";
				ENABLE_NS_ASSERTIONS = NO;
				ENABLE_STRICT_OBJC_MSGSEND = YES;
				GCC_C_LANGUAGE_STANDARD = gnu99;
				GCC_NO_COMMON_BLOCKS = YES;
				GCC_WARN_64_TO_32_BIT_CONVERSION = YES;
				GCC_WARN_ABOUT_RETURN_TYPE = YES_ERROR;
				GCC_WARN_UNDECLARED_SELECTOR = YES;
				GCC_WARN_UNINITIALIZED_AUTOS = YES_AGGRESSIVE;
				GCC_WARN_UNUSED_FUNCTION = YES;
				GCC_WARN_UNUSED_VARIABLE = YES;
				IPHONEOS_DEPLOYMENT_TARGET = 9.0;
				MTL_ENABLE_DEBUG_INFO = NO;
				SDKROOT = iphoneos;
				VALIDATE_PRODUCT = YES;
			};
			name = Release;
		};
		D47916501BE3A616003B4C4C /* Debug */ = {
			isa = XCBuildConfiguration;
			baseConfigurationReference = FB3DDECC61883873CDC5D70E /* Pods-Tools.debug.xcconfig */;
			buildSettings = {
				ASSETCATALOG_COMPILER_APPICON_NAME = AppIcon;
				"CODE_SIGN_IDENTITY[sdk=iphoneos*]" = "iPhone Distribution";
				DEVELOPMENT_TEAM = 9T6FMPNKHB;
				INFOPLIST_FILE = Tools/Info.plist;
				LD_RUNPATH_SEARCH_PATHS = "$(inherited) @executable_path/Frameworks";
				PRODUCT_BUNDLE_IDENTIFIER = com.unique.Tools;
				PRODUCT_NAME = "$(TARGET_NAME)";
				PROVISIONING_PROFILE = "eee4a071-3366-47f0-9815-29e0effe00b5";
				PROVISIONING_PROFILE_SPECIFIER = "XC: *";
			};
			name = Debug;
		};
		D47916511BE3A616003B4C4C /* Release */ = {
			isa = XCBuildConfiguration;
			baseConfigurationReference = 8DA532B1EC075493BFD4F0C2 /* Pods-Tools.release.xcconfig */;
			buildSettings = {
				ASSETCATALOG_COMPILER_APPICON_NAME = AppIcon;
				"CODE_SIGN_IDENTITY[sdk=iphoneos*]" = "iPhone Distribution";
				DEVELOPMENT_TEAM = 9T6FMPNKHB;
				INFOPLIST_FILE = Tools/Info.plist;
				LD_RUNPATH_SEARCH_PATHS = "$(inherited) @executable_path/Frameworks";
				PRODUCT_BUNDLE_IDENTIFIER = com.unique.Tools;
				PRODUCT_NAME = "$(TARGET_NAME)";
				PROVISIONING_PROFILE = "eee4a071-3366-47f0-9815-29e0effe00b5";
				PROVISIONING_PROFILE_SPECIFIER = "XC: *";
			};
			name = Release;
		};
/* End XCBuildConfiguration section */

/* Begin XCConfigurationList section */
		D47916331BE3A616003B4C4C /* Build configuration list for PBXProject "Tools" */ = {
			isa = XCConfigurationList;
			buildConfigurations = (
				D479164D1BE3A616003B4C4C /* Debug */,
				D479164E1BE3A616003B4C4C /* Release */,
			);
			defaultConfigurationIsVisible = 0;
			defaultConfigurationName = Release;
		};
		D479164F1BE3A616003B4C4C /* Build configuration list for PBXNativeTarget "Tools" */ = {
			isa = XCConfigurationList;
			buildConfigurations = (
				D47916501BE3A616003B4C4C /* Debug */,
				D47916511BE3A616003B4C4C /* Release */,
			);
			defaultConfigurationIsVisible = 0;
			defaultConfigurationName = Release;
		};
/* End XCConfigurationList section */
	};
	rootObject = D47916301BE3A616003B4C4C /* Project object */;
}
