// !$*UTF8*$!
{
	archiveVersion = 1;
	classes = {
	};
	objectVersion = 46;
	objects = {

/* Begin PBXBuildFile section */
		0F4B1BCCEEF20A9C8BA39213 /* libPods-Tools.a in Frameworks */ = {isa = PBXBuildFile; fileRef = D421F1F64ACAAE60D35CF304 /* libPods-Tools.a */; };
		D479163D1BE3A616003B4C4C /* main.m in Sources */ = {isa = PBXBuildFile; fileRef = D479163C1BE3A616003B4C4C /* main.m */; };
		D47916401BE3A616003B4C4C /* AppDelegate.m in Sources */ = {isa = PBXBuildFile; fileRef = D479163F1BE3A616003B4C4C /* AppDelegate.m */; };
		D47916431BE3A616003B4C4C /* ViewController.m in Sources */ = {isa = PBXBuildFile; fileRef = D47916421BE3A616003B4C4C /* ViewController.m */; };
		D47916481BE3A616003B4C4C /* Assets.xcassets in Resources */ = {isa = PBXBuildFile; fileRef = D47916471BE3A616003B4C4C /* Assets.xcassets */; };
		D479164B1BE3A616003B4C4C /* LaunchScreen.storyboard in Resources */ = {isa = PBXBuildFile; fileRef = D47916491BE3A616003B4C4C /* LaunchScreen.storyboard */; };
/* End PBXBuildFile section */

/* Begin PBXFileReference section */
		64C7FB187808D9EB97B84907 /* Pods-Tools.debug.xcconfig */ = {isa = PBXFileReference; includeInIndex = 1; lastKnownFileType = text.xcconfig; name = "Pods-Tools.debug.xcconfig"; path = "Pods/Target Support Files/Pods-Tools/Pods-Tools.debug.xcconfig"; sourceTree = "<group>"; };
		81F50D2F1EBB0E11135C7A95 /* Pods-Tools.release.xcconfig */ = {isa = PBXFileReference; includeInIndex = 1; lastKnownFileType = text.xcconfig; name = "Pods-Tools.release.xcconfig"; path = "Pods/Target Support Files/Pods-Tools/Pods-Tools.release.xcconfig"; sourceTree = "<group>"; };
		D421F1F64ACAAE60D35CF304 /* libPods-Tools.a */ = {isa = PBXFileReference; explicitFileType = archive.ar; includeInIndex = 0; path = "libPods-Tools.a"; sourceTree = BUILT_PRODUCTS_DIR; };
		D47916381BE3A616003B4C4C /* Tools.app */ = {isa = PBXFileReference; explicitFileType = wrapper.application; includeInIndex = 0; path = Tools.app; sourceTree = BUILT_PRODUCTS_DIR; };
		D479163C1BE3A616003B4C4C /* main.m */ = {isa = PBXFileReference; lastKnownFileType = sourcecode.c.objc; path = main.m; sourceTree = "<group>"; };
		D479163E1BE3A616003B4C4C /* AppDelegate.h */ = {isa = PBXFileReference; lastKnownFileType = sourcecode.c.h; path = AppDelegate.h; sourceTree = "<group>"; };
		D479163F1BE3A616003B4C4C /* AppDelegate.m */ = {isa = PBXFileReference; lastKnownFileType = sourcecode.c.objc; path = AppDelegate.m; sourceTree = "<group>"; };
		D47916411BE3A616003B4C4C /* ViewController.h */ = {isa = PBXFileReference; lastKnownFileType = sourcecode.c.h; path = ViewController.h; sourceTree = "<group>"; };
		D47916421BE3A616003B4C4C /* ViewController.m */ = {isa = PBXFileReference; lastKnownFileType = sourcecode.c.objc; path = ViewController.m; sourceTree = "<group>"; };
		D47916471BE3A616003B4C4C /* Assets.xcassets */ = {isa = PBXFileReference; lastKnownFileType = folder.assetcatalog; path = Assets.xcassets; sourceTree = "<group>"; };
		D479164A1BE3A616003B4C4C /* Base */ = {isa = PBXFileReference; lastKnownFileType = file.storyboard; name = Base; path = Base.lproj/LaunchScreen.storyboard; sourceTree = "<group>"; };
		D479164C1BE3A616003B4C4C /* Info.plist */ = {isa = PBXFileReference; lastKnownFileType = text.plist.xml; path = Info.plist; sourceTree = "<group>"; };
		D4C0C4411C20304900839875 /* zh-Hans */ = {isa = PBXFileReference; lastKnownFileType = text.plist.strings; name = "zh-Hans"; path = "zh-Hans.lproj/LaunchScreen.strings"; sourceTree = "<group>"; };
/* End PBXFileReference section */

/* Begin PBXFrameworksBuildPhase section */
		D47916351BE3A616003B4C4C /* Frameworks */ = {
			isa = PBXFrameworksBuildPhase;
			buildActionMask = 2147483647;
			files = (
				0F4B1BCCEEF20A9C8BA39213 /* libPods-Tools.a in Frameworks */,
			);
			runOnlyForDeploymentPostprocessing = 0;
		};
/* End PBXFrameworksBuildPhase section */

/* Begin PBXGroup section */
		D479162F1BE3A616003B4C4C = {
			isa = PBXGroup;
			children = (
				D479163A1BE3A616003B4C4C /* Tools */,
				D47916391BE3A616003B4C4C /* Products */,
				FA0B614ABEA17B168810D001 /* Pods */,
				DFEC0B8E46FB837139213B1E /* Frameworks */,
			);
			sourceTree = "<group>";
		};
		D47916391BE3A616003B4C4C /* Products */ = {
			isa = PBXGroup;
			children = (
				D47916381BE3A616003B4C4C /* Tools.app */,
			);
			name = Products;
			sourceTree = "<group>";
		};
		D479163A1BE3A616003B4C4C /* Tools */ = {
			isa = PBXGroup;
			children = (
				D479163E1BE3A616003B4C4C /* AppDelegate.h */,
				D479163F1BE3A616003B4C4C /* AppDelegate.m */,
				D47916411BE3A616003B4C4C /* ViewController.h */,
				D47916421BE3A616003B4C4C /* ViewController.m */,
				D47916471BE3A616003B4C4C /* Assets.xcassets */,
				D47916491BE3A616003B4C4C /* LaunchScreen.storyboard */,
				D479164C1BE3A616003B4C4C /* Info.plist */,
				D479163B1BE3A616003B4C4C /* Supporting Files */,
			);
			path = Tools;
			sourceTree = "<group>";
		};
		D479163B1BE3A616003B4C4C /* Supporting Files */ = {
			isa = PBXGroup;
			children = (
				D479163C1BE3A616003B4C4C /* main.m */,
			);
			name = "Supporting Files";
			sourceTree = "<group>";
		};
		DFEC0B8E46FB837139213B1E /* Frameworks */ = {
			isa = PBXGroup;
			children = (
				D421F1F64ACAAE60D35CF304 /* libPods-Tools.a */,
			);
			name = Frameworks;
			sourceTree = "<group>";
		};
		FA0B614ABEA17B168810D001 /* Pods */ = {
			isa = PBXGroup;
			children = (
				64C7FB187808D9EB97B84907 /* Pods-Tools.debug.xcconfig */,
				81F50D2F1EBB0E11135C7A95 /* Pods-Tools.release.xcconfig */,
			);
			name = Pods;
			sourceTree = "<group>";
		};
/* End PBXGroup section */

/* Begin PBXNativeTarget section */
		D47916371BE3A616003B4C4C /* Tools */ = {
			isa = PBXNativeTarget;
			buildConfigurationList = D479164F1BE3A616003B4C4C /* Build configuration list for PBXNativeTarget "Tools" */;
			buildPhases = (
				58F6C27967EFCDF60269AA78 /* [CP] Check Pods Manifest.lock */,
				D47916341BE3A616003B4C4C /* Sources */,
				D47916351BE3A616003B4C4C /* Frameworks */,
				D47916361BE3A616003B4C4C /* Resources */,
			);
			buildRules = (
			);
			dependencies = (
			);
			name = Tools;
			productName = Tools;
			productReference = D47916381BE3A616003B4C4C /* Tools.app */;
			productType = "com.apple.product-type.application";
		};
/* End PBXNativeTarget section */

/* Begin PBXProject section */
		D47916301BE3A616003B4C4C /* Project object */ = {
			isa = PBXProject;
			attributes = {
				LastUpgradeCheck = 0820;
				ORGANIZATIONNAME = Unique;
				TargetAttributes = {
					D47916371BE3A616003B4C4C = {
						CreatedOnToolsVersion = 7.0;
						DevelopmentTeam = PWT4GSV7T6;
						ProvisioningStyle = Manual;
					};
				};
			};
			buildConfigurationList = D47916331BE3A616003B4C4C /* Build configuration list for PBXProject "Tools" */;
			compatibilityVersion = "Xcode 3.2";
			developmentRegion = English;
			hasScannedForEncodings = 0;
			knownRegions = (
				en,
				Base,
			);
			mainGroup = D479162F1BE3A616003B4C4C;
			productRefGroup = D47916391BE3A616003B4C4C /* Products */;
			projectDirPath = "";
			projectRoot = "";
			targets = (
				D47916371BE3A616003B4C4C /* Tools */,
			);
		};
/* End PBXProject section */

/* Begin PBXResourcesBuildPhase section */
		D47916361BE3A616003B4C4C /* Resources */ = {
			isa = PBXResourcesBuildPhase;
			buildActionMask = 2147483647;
			files = (
				D479164B1BE3A616003B4C4C /* LaunchScreen.storyboard in Resources */,
				D47916481BE3A616003B4C4C /* Assets.xcassets in Resources */,
			);
			runOnlyForDeploymentPostprocessing = 0;
		};
/* End PBXResourcesBuildPhase section */

/* Begin PBXShellScriptBuildPhase section */
		58F6C27967EFCDF60269AA78 /* [CP] Check Pods Manifest.lock */ = {
			isa = PBXShellScriptBuildPhase;
			buildActionMask = 2147483647;
			files = (
			);
			inputPaths = (
				"${PODS_PODFILE_DIR_PATH}/Podfile.lock",
				"${PODS_ROOT}/Manifest.lock",
			);
			name = "[CP] Check Pods Manifest.lock";
			outputPaths = (
				"$(DERIVED_FILE_DIR)/Pods-Tools-checkManifestLockResult.txt",
			);
			runOnlyForDeploymentPostprocessing = 0;
			shellPath = /bin/sh;
			shellScript = "diff \"${PODS_PODFILE_DIR_PATH}/Podfile.lock\" \"${PODS_ROOT}/Manifest.lock\" > /dev/null\nif [ $? != 0 ] ; then\n    # print error to STDERR\n    echo \"error: The sandbox is not in sync with the Podfile.lock. Run 'pod install' or update your CocoaPods installation.\" >&2\n    exit 1\nfi\n# This output is used by Xcode 'outputs' to avoid re-running this script phase.\necho \"SUCCESS\" > \"${SCRIPT_OUTPUT_FILE_0}\"\n";
			showEnvVarsInLog = 0;
		};
/* End PBXShellScriptBuildPhase section */

/* Begin PBXSourcesBuildPhase section */
		D47916341BE3A616003B4C4C /* Sources */ = {
			isa = PBXSourcesBuildPhase;
			buildActionMask = 2147483647;
			files = (
				D47916431BE3A616003B4C4C /* ViewController.m in Sources */,
				D47916401BE3A616003B4C4C /* AppDelegate.m in Sources */,
				D479163D1BE3A616003B4C4C /* main.m in Sources */,
			);
			runOnlyForDeploymentPostprocessing = 0;
		};
/* End PBXSourcesBuildPhase section */

/* Begin PBXVariantGroup section */
		D47916491BE3A616003B4C4C /* LaunchScreen.storyboard */ = {
			isa = PBXVariantGroup;
			children = (
				D479164A1BE3A616003B4C4C /* Base */,
				D4C0C4411C20304900839875 /* zh-Hans */,
			);
			name = LaunchScreen.storyboard;
			sourceTree = "<group>";
		};
/* End PBXVariantGroup section */

/* Begin XCBuildConfiguration section */
		D479164D1BE3A616003B4C4C /* Debug */ = {
			isa = XCBuildConfiguration;
			buildSettings = {
				ALWAYS_SEARCH_USER_PATHS = NO;
				CLANG_ANALYZER_LOCALIZABILITY_NONLOCALIZED = YES;
				CLANG_CXX_LANGUAGE_STANDARD = "gnu++0x";
				CLANG_CXX_LIBRARY = "libc++";
				CLANG_ENABLE_MODULES = YES;
				CLANG_ENABLE_OBJC_ARC = YES;
				CLANG_WARN_BOOL_CONVERSION = YES;
				CLANG_WARN_CONSTANT_CONVERSION = YES;
				CLANG_WARN_DIRECT_OBJC_ISA_USAGE = YES_ERROR;
				CLANG_WARN_EMPTY_BODY = YES;
				CLANG_WARN_ENUM_CONVERSION = YES;
				CLANG_WARN_INFINITE_RECURSION = YES;
				CLANG_WARN_INT_CONVERSION = YES;
				CLANG_WARN_OBJC_ROOT_CLASS = YES_ERROR;
				CLANG_WARN_SUSPICIOUS_MOVE = YES;
				CLANG_WARN_UNREACHABLE_CODE = YES;
				CLANG_WARN__DUPLICATE_METHOD_MATCH = YES;
				"CODE_SIGN_IDENTITY[sdk=iphoneos*]" = "iPhone Developer";
				COPY_PHASE_STRIP = NO;
				DEBUG_INFORMATION_FORMAT = dwarf;
				ENABLE_STRICT_OBJC_MSGSEND = YES;
				ENABLE_TESTABILITY = YES;
				GCC_C_LANGUAGE_STANDARD = gnu99;
				GCC_DYNAMIC_NO_PIC = NO;
				GCC_NO_COMMON_BLOCKS = YES;
				GCC_OPTIMIZATION_LEVEL = 0;
				GCC_PREPROCESSOR_DEFINITIONS = (
					"DEBUG=1",
					"$(inherited)",
				);
				GCC_WARN_64_TO_32_BIT_CONVERSION = YES;
				GCC_WARN_ABOUT_RETURN_TYPE = YES_ERROR;
				GCC_WARN_UNDECLARED_SELECTOR = YES;
				GCC_WARN_UNINITIALIZED_AUTOS = YES_AGGRESSIVE;
				GCC_WARN_UNUSED_FUNCTION = YES;
				GCC_WARN_UNUSED_VARIABLE = YES;
				IPHONEOS_DEPLOYMENT_TARGET = 9.0;
				MTL_ENABLE_DEBUG_INFO = YES;
				ONLY_ACTIVE_ARCH = YES;
				SDKROOT = iphoneos;
			};
			name = Debug;
		};
		D479164E1BE3A616003B4C4C /* Release */ = {
			isa = XCBuildConfiguration;
			buildSettings = {
				ALWAYS_SEARCH_USER_PATHS = NO;
				CLANG_ANALYZER_LOCALIZABILITY_NONLOCALIZED = YES;
				CLANG_CXX_LANGUAGE_STANDARD = "gnu++0x";
				CLANG_CXX_LIBRARY = "libc++";
				CLANG_ENABLE_MODULES = YES;
				CLANG_ENABLE_OBJC_ARC = YES;
				CLANG_WARN_BOOL_CONVERSION = YES;
				CLANG_WARN_CONSTANT_CONVERSION = YES;
				CLANG_WARN_DIRECT_OBJC_ISA_USAGE = YES_ERROR;
				CLANG_WARN_EMPTY_BODY = YES;
				CLANG_WARN_ENUM_CONVERSION = YES;
				CLANG_WARN_INFINITE_RECURSION = YES;
				CLANG_WARN_INT_CONVERSION = YES;
				CLANG_WARN_OBJC_ROOT_CLASS = YES_ERROR;
				CLANG_WARN_SUSPICIOUS_MOVE = YES;
				CLANG_WARN_UNREACHABLE_CODE = YES;
				CLANG_WARN__DUPLICATE_METHOD_MATCH = YES;
				"CODE_SIGN_IDENTITY[sdk=iphoneos*]" = "iPhone Developer";
				COPY_PHASE_STRIP = NO;
				DEBUG_INFORMATION_FORMAT = "dwarf-with-dsym";
				ENABLE_NS_ASSERTIONS = NO;
				ENABLE_STRICT_OBJC_MSGSEND = YES;
				GCC_C_LANGUAGE_STANDARD = gnu99;
				GCC_NO_COMMON_BLOCKS = YES;
				GCC_WARN_64_TO_32_BIT_CONVERSION = YES;
				GCC_WARN_ABOUT_RETURN_TYPE = YES_ERROR;
				GCC_WARN_UNDECLARED_SELECTOR = YES;
				GCC_WARN_UNINITIALIZED_AUTOS = YES_AGGRESSIVE;
				GCC_WARN_UNUSED_FUNCTION = YES;
				GCC_WARN_UNUSED_VARIABLE = YES;
				IPHONEOS_DEPLOYMENT_TARGET = 9.0;
				MTL_ENABLE_DEBUG_INFO = NO;
				SDKROOT = iphoneos;
				VALIDATE_PRODUCT = YES;
			};
			name = Release;
		};
		D47916501BE3A616003B4C4C /* Debug */ = {
			isa = XCBuildConfiguration;
			baseConfigurationReference = 64C7FB187808D9EB97B84907 /* Pods-Tools.debug.xcconfig */;
			buildSettings = {
				ASSETCATALOG_COMPILER_APPICON_NAME = AppIcon;
				"CODE_SIGN_IDENTITY[sdk=iphoneos*]" = "iPhone Developer";
				DEVELOPMENT_TEAM = PWT4GSV7T6;
				INFOPLIST_FILE = Tools/Info.plist;
				LD_RUNPATH_SEARCH_PATHS = "$(inherited) @executable_path/Frameworks";
				PRODUCT_BUNDLE_IDENTIFIER = com.unique.Tools;
				PRODUCT_NAME = "$(TARGET_NAME)";
				PROVISIONING_PROFILE = "f2ca3300-56ad-438d-8191-042e8ad9690b";
				PROVISIONING_PROFILE_SPECIFIER = Development;
			};
			name = Debug;
		};
		D47916511BE3A616003B4C4C /* Release */ = {
			isa = XCBuildConfiguration;
			baseConfigurationReference = 81F50D2F1EBB0E11135C7A95 /* Pods-Tools.release.xcconfig */;
			buildSettings = {
				ASSETCATALOG_COMPILER_APPICON_NAME = AppIcon;
				"CODE_SIGN_IDENTITY[sdk=iphoneos*]" = "iPhone Developer";
				DEVELOPMENT_TEAM = RC8R4XEVKX;
				INFOPLIST_FILE = Tools/Info.plist;
				LD_RUNPATH_SEARCH_PATHS = "$(inherited) @executable_path/Frameworks";
				PRODUCT_BUNDLE_IDENTIFIER = com.unique.Tools;
				PRODUCT_NAME = "$(TARGET_NAME)";
				PROVISIONING_PROFILE = "8a0c2fdc-a906-40d8-b0aa-956d2defdfc7";
				PROVISIONING_PROFILE_SPECIFIER = ShuangWu_Development_Wildcard;
			};
			name = Release;
		};
/* End XCBuildConfiguration section */

/* Begin XCConfigurationList section */
		D47916331BE3A616003B4C4C /* Build configuration list for PBXProject "Tools" */ = {
			isa = XCConfigurationList;
			buildConfigurations = (
				D479164D1BE3A616003B4C4C /* Debug */,
				D479164E1BE3A616003B4C4C /* Release */,
			);
			defaultConfigurationIsVisible = 0;
			defaultConfigurationName = Release;
		};
		D479164F1BE3A616003B4C4C /* Build configuration list for PBXNativeTarget "Tools" */ = {
			isa = XCConfigurationList;
			buildConfigurations = (
				D47916501BE3A616003B4C4C /* Debug */,
				D47916511BE3A616003B4C4C /* Release */,
			);
			defaultConfigurationIsVisible = 0;
			defaultConfigurationName = Release;
		};
/* End XCConfigurationList section */
	};
	rootObject = D47916301BE3A616003B4C4C /* Project object */;
}
